// !$*UTF8*$!
{
	archiveVersion = 1;
	classes = {
	};
	objectVersion = 50;
	objects = {

/* Begin PBXBuildFile section */
		9719411B25B22A770030341D /* AppDelegate.swift in Sources */ = {isa = PBXBuildFile; fileRef = 9719411A25B22A770030341D /* AppDelegate.swift */; };
		9719412425B22A780030341D /* Assets.xcassets in Resources */ = {isa = PBXBuildFile; fileRef = 9719412325B22A780030341D /* Assets.xcassets */; };
		9719412725B22A780030341D /* LaunchScreen.storyboard in Resources */ = {isa = PBXBuildFile; fileRef = 9719412525B22A780030341D /* LaunchScreen.storyboard */; };
		9719413225B22A790030341D /* CurrencyConverterTests.swift in Sources */ = {isa = PBXBuildFile; fileRef = 9719413125B22A790030341D /* CurrencyConverterTests.swift */; };
		9719413D25B22A790030341D /* CurrencyConverterUITests.swift in Sources */ = {isa = PBXBuildFile; fileRef = 9719413C25B22A790030341D /* CurrencyConverterUITests.swift */; };
		9745B5AE25B636F50050DAFC /* Roboto-Regular.ttf in Resources */ = {isa = PBXBuildFile; fileRef = 97F08F5825B60BFD00380F41 /* Roboto-Regular.ttf */; };
		9745B5B325B8C4970050DAFC /* ExchangeRatesDTO.swift in Sources */ = {isa = PBXBuildFile; fileRef = 9745B5B225B8C4970050DAFC /* ExchangeRatesDTO.swift */; };
		9745B5B825BA2C330050DAFC /* MockExchangeRatesService.swift in Sources */ = {isa = PBXBuildFile; fileRef = 9745B5B725BA2C330050DAFC /* MockExchangeRatesService.swift */; };
		9745B5BE25BA2C6F0050DAFC /* FetchDecodableNetworkService.swift in Sources */ = {isa = PBXBuildFile; fileRef = 9745B5BD25BA2C6F0050DAFC /* FetchDecodableNetworkService.swift */; };
		9745B5C325BA2CC10050DAFC /* ExchangeRatesDTOMapper.swift in Sources */ = {isa = PBXBuildFile; fileRef = 9745B5C225BA2CC10050DAFC /* ExchangeRatesDTOMapper.swift */; };
		9745B5C825BAB8220050DAFC /* OSLog+Category.swift in Sources */ = {isa = PBXBuildFile; fileRef = 9745B5C725BAB8220050DAFC /* OSLog+Category.swift */; };
		9753B5AD25B2399A00F0CB8A /* DashboardCoordinator.swift in Sources */ = {isa = PBXBuildFile; fileRef = 9753B5AC25B2399A00F0CB8A /* DashboardCoordinator.swift */; };
		9753B5B525B239AC00F0CB8A /* DashboardViewController.swift in Sources */ = {isa = PBXBuildFile; fileRef = 9753B5B425B239AC00F0CB8A /* DashboardViewController.swift */; };
		9753B5BE25B241D000F0CB8A /* AppCoordinator.swift in Sources */ = {isa = PBXBuildFile; fileRef = 9753B5BD25B241D000F0CB8A /* AppCoordinator.swift */; };
		9753B5C325B2426B00F0CB8A /* Coordinator.swift in Sources */ = {isa = PBXBuildFile; fileRef = 9753B5C225B2426B00F0CB8A /* Coordinator.swift */; };
		9753B5C825B31A8500F0CB8A /* DashboardViewModel.swift in Sources */ = {isa = PBXBuildFile; fileRef = 9753B5C725B31A8500F0CB8A /* DashboardViewModel.swift */; };
		9753B5D025B3204800F0CB8A /* CurrencySelectionViewController.swift in Sources */ = {isa = PBXBuildFile; fileRef = 9753B5CF25B3204800F0CB8A /* CurrencySelectionViewController.swift */; };
		9753B5D825B3205600F0CB8A /* CurrencySelectionViewModel.swift in Sources */ = {isa = PBXBuildFile; fileRef = 9753B5D725B3205600F0CB8A /* CurrencySelectionViewModel.swift */; };
		9753B5DD25B3206400F0CB8A /* CurrencySelectionCoordinator.swift in Sources */ = {isa = PBXBuildFile; fileRef = 9753B5DC25B3206400F0CB8A /* CurrencySelectionCoordinator.swift */; };
		9753B5E225B321AC00F0CB8A /* Currency.swift in Sources */ = {isa = PBXBuildFile; fileRef = 9753B5E125B321AC00F0CB8A /* Currency.swift */; };
		9753B5E825B321FE00F0CB8A /* CurrencySelection.swift in Sources */ = {isa = PBXBuildFile; fileRef = 9753B5E725B321FE00F0CB8A /* CurrencySelection.swift */; };
		9753B5F025B3290C00F0CB8A /* CurrencySelectionCell.swift in Sources */ = {isa = PBXBuildFile; fileRef = 9753B5EF25B3290C00F0CB8A /* CurrencySelectionCell.swift */; };
		9753B5F525B32FDB00F0CB8A /* CurrencySelectionCellModelMapper.swift in Sources */ = {isa = PBXBuildFile; fileRef = 9753B5F425B32FDB00F0CB8A /* CurrencySelectionCellModelMapper.swift */; };
		9753B5FA25B369C700F0CB8A /* CurrencyPair.swift in Sources */ = {isa = PBXBuildFile; fileRef = 9753B5F925B369C700F0CB8A /* CurrencyPair.swift */; };
		9753B60225B371A500F0CB8A /* ConverterCoordinator.swift in Sources */ = {isa = PBXBuildFile; fileRef = 9753B60125B371A500F0CB8A /* ConverterCoordinator.swift */; };
		9753B60A25B371F600F0CB8A /* ConverterViewController.swift in Sources */ = {isa = PBXBuildFile; fileRef = 9753B60925B371F600F0CB8A /* ConverterViewController.swift */; };
		9753B60F25B3721900F0CB8A /* ConverterViewModel.swift in Sources */ = {isa = PBXBuildFile; fileRef = 9753B60E25B3721900F0CB8A /* ConverterViewModel.swift */; };
		9753B61425B42ABE00F0CB8A /* AddCurrencyPairView.swift in Sources */ = {isa = PBXBuildFile; fileRef = 9753B61325B42ABE00F0CB8A /* AddCurrencyPairView.swift */; };
		9753B61925B42B2600F0CB8A /* ExchangeRateCell.swift in Sources */ = {isa = PBXBuildFile; fileRef = 9753B61825B42B2600F0CB8A /* ExchangeRateCell.swift */; };
		9753B61E25B42C6C00F0CB8A /* ExchangeRateCellModel.swift in Sources */ = {isa = PBXBuildFile; fileRef = 9753B61D25B42C6C00F0CB8A /* ExchangeRateCellModel.swift */; };
		9753B62425B4307E00F0CB8A /* UIView+Spacer.swift in Sources */ = {isa = PBXBuildFile; fileRef = 9753B62325B4307E00F0CB8A /* UIView+Spacer.swift */; };
		9753B62925B4353500F0CB8A /* ExchangeRateCellRow.swift in Sources */ = {isa = PBXBuildFile; fileRef = 9753B62825B4353500F0CB8A /* ExchangeRateCellRow.swift */; };
		9753B62E25B4354C00F0CB8A /* ExchangeRateCellRowModel.swift in Sources */ = {isa = PBXBuildFile; fileRef = 9753B62D25B4354C00F0CB8A /* ExchangeRateCellRowModel.swift */; };
		9753B63F25B4404A00F0CB8A /* ExchangeRateModel.swift in Sources */ = {isa = PBXBuildFile; fileRef = 9753B63E25B4404A00F0CB8A /* ExchangeRateModel.swift */; };
		9753B64525B442B200F0CB8A /* ExchangeRatesService.swift in Sources */ = {isa = PBXBuildFile; fileRef = 9753B64425B442B200F0CB8A /* ExchangeRatesService.swift */; };
		978D6BAF25BB882E00B87CAF /* LabelDecorator.swift in Sources */ = {isa = PBXBuildFile; fileRef = 978D6BAE25BB882E00B87CAF /* LabelDecorator.swift */; };
		978D6BB425BB887B00B87CAF /* SignificantPartLabelDecorator.swift in Sources */ = {isa = PBXBuildFile; fileRef = 978D6BB325BB887B00B87CAF /* SignificantPartLabelDecorator.swift */; };
		978D6BB925BD903F00B87CAF /* ConverterViewController+UITableViewDataSource.swift in Sources */ = {isa = PBXBuildFile; fileRef = 978D6BB825BD903F00B87CAF /* ConverterViewController+UITableViewDataSource.swift */; };
		978D6BBE25BD907800B87CAF /* ConverterViewController+UITableViewDelegate.swift in Sources */ = {isa = PBXBuildFile; fileRef = 978D6BBD25BD907800B87CAF /* ConverterViewController+UITableViewDelegate.swift */; };
		978D6BC325BD92C600B87CAF /* ConverterViewController+EditState.swift in Sources */ = {isa = PBXBuildFile; fileRef = 978D6BC225BD92C600B87CAF /* ConverterViewController+EditState.swift */; };
		978D6BC825BD9EC800B87CAF /* ConverterViewController+ViewComponentsFactory.swift in Sources */ = {isa = PBXBuildFile; fileRef = 978D6BC725BD9EC800B87CAF /* ConverterViewController+ViewComponentsFactory.swift */; };
		978D6BCD25BDB0BB00B87CAF /* DashboardViewController+ViewComponentsFactory.swift in Sources */ = {isa = PBXBuildFile; fileRef = 978D6BCC25BDB0BB00B87CAF /* DashboardViewController+ViewComponentsFactory.swift */; };
		978D6BD825BDB8F200B87CAF /* CurrencySelectionViewController+UITableViewDataSource.swift in Sources */ = {isa = PBXBuildFile; fileRef = 978D6BD725BDB8F200B87CAF /* CurrencySelectionViewController+UITableViewDataSource.swift */; };
		978D6BDD25BDB92200B87CAF /* CurrencySelectionViewController+UITableViewDelegate.swift in Sources */ = {isa = PBXBuildFile; fileRef = 978D6BDC25BDB92200B87CAF /* CurrencySelectionViewController+UITableViewDelegate.swift */; };
		978D6BE225BDBB1E00B87CAF /* L10n.swift in Sources */ = {isa = PBXBuildFile; fileRef = 978D6BE125BDBB1E00B87CAF /* L10n.swift */; };
		978D6BEF25BDBCB400B87CAF /* Localizable.strings in Resources */ = {isa = PBXBuildFile; fileRef = 978D6BF125BDBCB400B87CAF /* Localizable.strings */; };
		978D6BF725BDC83000B87CAF /* CurrencyServiceTests.swift in Sources */ = {isa = PBXBuildFile; fileRef = 978D6BF625BDC83000B87CAF /* CurrencyServiceTests.swift */; };
		978D6BFF25BDD7F400B87CAF /* CurrencyPairServiceTests.swift in Sources */ = {isa = PBXBuildFile; fileRef = 978D6BFE25BDD7F400B87CAF /* CurrencyPairServiceTests.swift */; };
		978D6C0525BDE71D00B87CAF /* CurrencyPairMock.swift in Sources */ = {isa = PBXBuildFile; fileRef = 978D6C0425BDE71D00B87CAF /* CurrencyPairMock.swift */; };
		978D6C0D25BDE7B300B87CAF /* UserDefaultsMock.swift in Sources */ = {isa = PBXBuildFile; fileRef = 978D6C0C25BDE7B300B87CAF /* UserDefaultsMock.swift */; };
		978D6C1325BDF05300B87CAF /* DashboardViewModelTests.swift in Sources */ = {isa = PBXBuildFile; fileRef = 978D6C1225BDF05300B87CAF /* DashboardViewModelTests.swift */; };
		978D6C1B25BDF12400B87CAF /* DashboardCoordinatorMock.swift in Sources */ = {isa = PBXBuildFile; fileRef = 978D6C1A25BDF12400B87CAF /* DashboardCoordinatorMock.swift */; };
		97B89EDF25B44FC600BF540E /* ExchangeRateCellModelMapper.swift in Sources */ = {isa = PBXBuildFile; fileRef = 97B89EDE25B44FC600BF540E /* ExchangeRateCellModelMapper.swift */; };
		97B89EE725B4837E00BF540E /* UIView+Autolayout.swift in Sources */ = {isa = PBXBuildFile; fileRef = 97B89EE625B4837E00BF540E /* UIView+Autolayout.swift */; };
		97F08F4025B4B7AB00380F41 /* CurrencyService.swift in Sources */ = {isa = PBXBuildFile; fileRef = 97F08F3F25B4B7AB00380F41 /* CurrencyService.swift */; };
		97F08F5325B4D07400380F41 /* CurrencyPairService.swift in Sources */ = {isa = PBXBuildFile; fileRef = 97F08F5225B4D07400380F41 /* CurrencyPairService.swift */; };
		97F08F5E25B60EC400380F41 /* FontProvider.swift in Sources */ = {isa = PBXBuildFile; fileRef = 97F08F5D25B60EC400380F41 /* FontProvider.swift */; };
		97F08F6625B6125500380F41 /* ColorProvider.swift in Sources */ = {isa = PBXBuildFile; fileRef = 97F08F6525B6125500380F41 /* ColorProvider.swift */; };
/* End PBXBuildFile section */

/* Begin PBXContainerItemProxy section */
		9719412E25B22A790030341D /* PBXContainerItemProxy */ = {
			isa = PBXContainerItemProxy;
			containerPortal = 9719410F25B22A770030341D /* Project object */;
			proxyType = 1;
			remoteGlobalIDString = 9719411625B22A770030341D;
			remoteInfo = CurrencyConverter;
		};
		9719413925B22A790030341D /* PBXContainerItemProxy */ = {
			isa = PBXContainerItemProxy;
			containerPortal = 9719410F25B22A770030341D /* Project object */;
			proxyType = 1;
			remoteGlobalIDString = 9719411625B22A770030341D;
			remoteInfo = CurrencyConverter;
		};
/* End PBXContainerItemProxy section */

/* Begin PBXFileReference section */
		9719411725B22A770030341D /* CurrencyConverter.app */ = {isa = PBXFileReference; explicitFileType = wrapper.application; includeInIndex = 0; path = CurrencyConverter.app; sourceTree = BUILT_PRODUCTS_DIR; };
		9719411A25B22A770030341D /* AppDelegate.swift */ = {isa = PBXFileReference; lastKnownFileType = sourcecode.swift; path = AppDelegate.swift; sourceTree = "<group>"; };
		9719412325B22A780030341D /* Assets.xcassets */ = {isa = PBXFileReference; lastKnownFileType = folder.assetcatalog; path = Assets.xcassets; sourceTree = "<group>"; };
		9719412625B22A780030341D /* Base */ = {isa = PBXFileReference; lastKnownFileType = file.storyboard; name = Base; path = Base.lproj/LaunchScreen.storyboard; sourceTree = "<group>"; };
		9719412825B22A780030341D /* Info.plist */ = {isa = PBXFileReference; lastKnownFileType = text.plist.xml; path = Info.plist; sourceTree = "<group>"; };
		9719412D25B22A790030341D /* CurrencyConverterTests.xctest */ = {isa = PBXFileReference; explicitFileType = wrapper.cfbundle; includeInIndex = 0; path = CurrencyConverterTests.xctest; sourceTree = BUILT_PRODUCTS_DIR; };
		9719413125B22A790030341D /* CurrencyConverterTests.swift */ = {isa = PBXFileReference; lastKnownFileType = sourcecode.swift; path = CurrencyConverterTests.swift; sourceTree = "<group>"; };
		9719413325B22A790030341D /* Info.plist */ = {isa = PBXFileReference; lastKnownFileType = text.plist.xml; path = Info.plist; sourceTree = "<group>"; };
		9719413825B22A790030341D /* CurrencyConverterUITests.xctest */ = {isa = PBXFileReference; explicitFileType = wrapper.cfbundle; includeInIndex = 0; path = CurrencyConverterUITests.xctest; sourceTree = BUILT_PRODUCTS_DIR; };
		9719413C25B22A790030341D /* CurrencyConverterUITests.swift */ = {isa = PBXFileReference; lastKnownFileType = sourcecode.swift; path = CurrencyConverterUITests.swift; sourceTree = "<group>"; };
		9719413E25B22A790030341D /* Info.plist */ = {isa = PBXFileReference; lastKnownFileType = text.plist.xml; path = Info.plist; sourceTree = "<group>"; };
		9745B5B225B8C4970050DAFC /* ExchangeRatesDTO.swift */ = {isa = PBXFileReference; lastKnownFileType = sourcecode.swift; path = ExchangeRatesDTO.swift; sourceTree = "<group>"; };
		9745B5B725BA2C330050DAFC /* MockExchangeRatesService.swift */ = {isa = PBXFileReference; lastKnownFileType = sourcecode.swift; path = MockExchangeRatesService.swift; sourceTree = "<group>"; };
		9745B5BD25BA2C6F0050DAFC /* FetchDecodableNetworkService.swift */ = {isa = PBXFileReference; lastKnownFileType = sourcecode.swift; path = FetchDecodableNetworkService.swift; sourceTree = "<group>"; };
		9745B5C225BA2CC10050DAFC /* ExchangeRatesDTOMapper.swift */ = {isa = PBXFileReference; lastKnownFileType = sourcecode.swift; path = ExchangeRatesDTOMapper.swift; sourceTree = "<group>"; };
		9745B5C725BAB8220050DAFC /* OSLog+Category.swift */ = {isa = PBXFileReference; lastKnownFileType = sourcecode.swift; path = "OSLog+Category.swift"; sourceTree = "<group>"; };
		9753B5AC25B2399A00F0CB8A /* DashboardCoordinator.swift */ = {isa = PBXFileReference; lastKnownFileType = sourcecode.swift; path = DashboardCoordinator.swift; sourceTree = "<group>"; };
		9753B5B425B239AC00F0CB8A /* DashboardViewController.swift */ = {isa = PBXFileReference; lastKnownFileType = sourcecode.swift; path = DashboardViewController.swift; sourceTree = "<group>"; };
		9753B5BD25B241D000F0CB8A /* AppCoordinator.swift */ = {isa = PBXFileReference; lastKnownFileType = sourcecode.swift; path = AppCoordinator.swift; sourceTree = "<group>"; };
		9753B5C225B2426B00F0CB8A /* Coordinator.swift */ = {isa = PBXFileReference; lastKnownFileType = sourcecode.swift; path = Coordinator.swift; sourceTree = "<group>"; };
		9753B5C725B31A8500F0CB8A /* DashboardViewModel.swift */ = {isa = PBXFileReference; lastKnownFileType = sourcecode.swift; path = DashboardViewModel.swift; sourceTree = "<group>"; };
		9753B5CF25B3204800F0CB8A /* CurrencySelectionViewController.swift */ = {isa = PBXFileReference; lastKnownFileType = sourcecode.swift; path = CurrencySelectionViewController.swift; sourceTree = "<group>"; };
		9753B5D725B3205600F0CB8A /* CurrencySelectionViewModel.swift */ = {isa = PBXFileReference; lastKnownFileType = sourcecode.swift; path = CurrencySelectionViewModel.swift; sourceTree = "<group>"; };
		9753B5DC25B3206400F0CB8A /* CurrencySelectionCoordinator.swift */ = {isa = PBXFileReference; lastKnownFileType = sourcecode.swift; path = CurrencySelectionCoordinator.swift; sourceTree = "<group>"; };
		9753B5E125B321AC00F0CB8A /* Currency.swift */ = {isa = PBXFileReference; lastKnownFileType = sourcecode.swift; path = Currency.swift; sourceTree = "<group>"; };
		9753B5E725B321FE00F0CB8A /* CurrencySelection.swift */ = {isa = PBXFileReference; lastKnownFileType = sourcecode.swift; path = CurrencySelection.swift; sourceTree = "<group>"; };
		9753B5EF25B3290C00F0CB8A /* CurrencySelectionCell.swift */ = {isa = PBXFileReference; lastKnownFileType = sourcecode.swift; path = CurrencySelectionCell.swift; sourceTree = "<group>"; };
		9753B5F425B32FDB00F0CB8A /* CurrencySelectionCellModelMapper.swift */ = {isa = PBXFileReference; lastKnownFileType = sourcecode.swift; path = CurrencySelectionCellModelMapper.swift; sourceTree = "<group>"; };
		9753B5F925B369C700F0CB8A /* CurrencyPair.swift */ = {isa = PBXFileReference; lastKnownFileType = sourcecode.swift; path = CurrencyPair.swift; sourceTree = "<group>"; };
		9753B60125B371A500F0CB8A /* ConverterCoordinator.swift */ = {isa = PBXFileReference; lastKnownFileType = sourcecode.swift; path = ConverterCoordinator.swift; sourceTree = "<group>"; };
		9753B60925B371F600F0CB8A /* ConverterViewController.swift */ = {isa = PBXFileReference; lastKnownFileType = sourcecode.swift; path = ConverterViewController.swift; sourceTree = "<group>"; };
		9753B60E25B3721900F0CB8A /* ConverterViewModel.swift */ = {isa = PBXFileReference; lastKnownFileType = sourcecode.swift; path = ConverterViewModel.swift; sourceTree = "<group>"; };
		9753B61325B42ABE00F0CB8A /* AddCurrencyPairView.swift */ = {isa = PBXFileReference; lastKnownFileType = sourcecode.swift; path = AddCurrencyPairView.swift; sourceTree = "<group>"; };
		9753B61825B42B2600F0CB8A /* ExchangeRateCell.swift */ = {isa = PBXFileReference; lastKnownFileType = sourcecode.swift; path = ExchangeRateCell.swift; sourceTree = "<group>"; };
		9753B61D25B42C6C00F0CB8A /* ExchangeRateCellModel.swift */ = {isa = PBXFileReference; lastKnownFileType = sourcecode.swift; path = ExchangeRateCellModel.swift; sourceTree = "<group>"; };
		9753B62325B4307E00F0CB8A /* UIView+Spacer.swift */ = {isa = PBXFileReference; lastKnownFileType = sourcecode.swift; path = "UIView+Spacer.swift"; sourceTree = "<group>"; };
		9753B62825B4353500F0CB8A /* ExchangeRateCellRow.swift */ = {isa = PBXFileReference; lastKnownFileType = sourcecode.swift; path = ExchangeRateCellRow.swift; sourceTree = "<group>"; };
		9753B62D25B4354C00F0CB8A /* ExchangeRateCellRowModel.swift */ = {isa = PBXFileReference; lastKnownFileType = sourcecode.swift; path = ExchangeRateCellRowModel.swift; sourceTree = "<group>"; };
		9753B63E25B4404A00F0CB8A /* ExchangeRateModel.swift */ = {isa = PBXFileReference; lastKnownFileType = sourcecode.swift; path = ExchangeRateModel.swift; sourceTree = "<group>"; };
		9753B64425B442B200F0CB8A /* ExchangeRatesService.swift */ = {isa = PBXFileReference; lastKnownFileType = sourcecode.swift; path = ExchangeRatesService.swift; sourceTree = "<group>"; };
		978D6BAE25BB882E00B87CAF /* LabelDecorator.swift */ = {isa = PBXFileReference; lastKnownFileType = sourcecode.swift; path = LabelDecorator.swift; sourceTree = "<group>"; };
		978D6BB325BB887B00B87CAF /* SignificantPartLabelDecorator.swift */ = {isa = PBXFileReference; lastKnownFileType = sourcecode.swift; path = SignificantPartLabelDecorator.swift; sourceTree = "<group>"; };
		978D6BB825BD903F00B87CAF /* ConverterViewController+UITableViewDataSource.swift */ = {isa = PBXFileReference; lastKnownFileType = sourcecode.swift; path = "ConverterViewController+UITableViewDataSource.swift"; sourceTree = "<group>"; };
		978D6BBD25BD907800B87CAF /* ConverterViewController+UITableViewDelegate.swift */ = {isa = PBXFileReference; lastKnownFileType = sourcecode.swift; path = "ConverterViewController+UITableViewDelegate.swift"; sourceTree = "<group>"; };
		978D6BC225BD92C600B87CAF /* ConverterViewController+EditState.swift */ = {isa = PBXFileReference; lastKnownFileType = sourcecode.swift; path = "ConverterViewController+EditState.swift"; sourceTree = "<group>"; };
		978D6BC725BD9EC800B87CAF /* ConverterViewController+ViewComponentsFactory.swift */ = {isa = PBXFileReference; lastKnownFileType = sourcecode.swift; path = "ConverterViewController+ViewComponentsFactory.swift"; sourceTree = "<group>"; };
		978D6BCC25BDB0BB00B87CAF /* DashboardViewController+ViewComponentsFactory.swift */ = {isa = PBXFileReference; lastKnownFileType = sourcecode.swift; path = "DashboardViewController+ViewComponentsFactory.swift"; sourceTree = "<group>"; };
		978D6BD725BDB8F200B87CAF /* CurrencySelectionViewController+UITableViewDataSource.swift */ = {isa = PBXFileReference; lastKnownFileType = sourcecode.swift; path = "CurrencySelectionViewController+UITableViewDataSource.swift"; sourceTree = "<group>"; };
		978D6BDC25BDB92200B87CAF /* CurrencySelectionViewController+UITableViewDelegate.swift */ = {isa = PBXFileReference; lastKnownFileType = sourcecode.swift; path = "CurrencySelectionViewController+UITableViewDelegate.swift"; sourceTree = "<group>"; };
		978D6BE125BDBB1E00B87CAF /* L10n.swift */ = {isa = PBXFileReference; lastKnownFileType = sourcecode.swift; path = L10n.swift; sourceTree = "<group>"; };
		978D6BF025BDBCB400B87CAF /* en */ = {isa = PBXFileReference; lastKnownFileType = text.plist.strings; name = en; path = en.lproj/Localizable.strings; sourceTree = "<group>"; };
		978D6BF625BDC83000B87CAF /* CurrencyServiceTests.swift */ = {isa = PBXFileReference; lastKnownFileType = sourcecode.swift; path = CurrencyServiceTests.swift; sourceTree = "<group>"; };
		978D6BFE25BDD7F400B87CAF /* CurrencyPairServiceTests.swift */ = {isa = PBXFileReference; lastKnownFileType = sourcecode.swift; path = CurrencyPairServiceTests.swift; sourceTree = "<group>"; };
		978D6C0425BDE71D00B87CAF /* CurrencyPairMock.swift */ = {isa = PBXFileReference; lastKnownFileType = sourcecode.swift; path = CurrencyPairMock.swift; sourceTree = "<group>"; };
		978D6C0C25BDE7B300B87CAF /* UserDefaultsMock.swift */ = {isa = PBXFileReference; lastKnownFileType = sourcecode.swift; path = UserDefaultsMock.swift; sourceTree = "<group>"; };
		978D6C1225BDF05300B87CAF /* DashboardViewModelTests.swift */ = {isa = PBXFileReference; lastKnownFileType = sourcecode.swift; path = DashboardViewModelTests.swift; sourceTree = "<group>"; };
		978D6C1A25BDF12400B87CAF /* DashboardCoordinatorMock.swift */ = {isa = PBXFileReference; lastKnownFileType = sourcecode.swift; path = DashboardCoordinatorMock.swift; sourceTree = "<group>"; };
		97B89EDE25B44FC600BF540E /* ExchangeRateCellModelMapper.swift */ = {isa = PBXFileReference; lastKnownFileType = sourcecode.swift; path = ExchangeRateCellModelMapper.swift; sourceTree = "<group>"; };
		97B89EE625B4837E00BF540E /* UIView+Autolayout.swift */ = {isa = PBXFileReference; lastKnownFileType = sourcecode.swift; path = "UIView+Autolayout.swift"; sourceTree = "<group>"; };
		97F08F3F25B4B7AB00380F41 /* CurrencyService.swift */ = {isa = PBXFileReference; lastKnownFileType = sourcecode.swift; path = CurrencyService.swift; sourceTree = "<group>"; };
		97F08F5225B4D07400380F41 /* CurrencyPairService.swift */ = {isa = PBXFileReference; lastKnownFileType = sourcecode.swift; path = CurrencyPairService.swift; sourceTree = "<group>"; };
		97F08F5825B60BFD00380F41 /* Roboto-Regular.ttf */ = {isa = PBXFileReference; lastKnownFileType = file; path = "Roboto-Regular.ttf"; sourceTree = "<group>"; };
		97F08F5D25B60EC400380F41 /* FontProvider.swift */ = {isa = PBXFileReference; lastKnownFileType = sourcecode.swift; path = FontProvider.swift; sourceTree = "<group>"; };
		97F08F6525B6125500380F41 /* ColorProvider.swift */ = {isa = PBXFileReference; lastKnownFileType = sourcecode.swift; path = ColorProvider.swift; sourceTree = "<group>"; };
/* End PBXFileReference section */

/* Begin PBXFrameworksBuildPhase section */
		9719411425B22A770030341D /* Frameworks */ = {
			isa = PBXFrameworksBuildPhase;
			buildActionMask = 2147483647;
			files = (
			);
			runOnlyForDeploymentPostprocessing = 0;
		};
		9719412A25B22A790030341D /* Frameworks */ = {
			isa = PBXFrameworksBuildPhase;
			buildActionMask = 2147483647;
			files = (
			);
			runOnlyForDeploymentPostprocessing = 0;
		};
		9719413525B22A790030341D /* Frameworks */ = {
			isa = PBXFrameworksBuildPhase;
			buildActionMask = 2147483647;
			files = (
			);
			runOnlyForDeploymentPostprocessing = 0;
		};
/* End PBXFrameworksBuildPhase section */

/* Begin PBXGroup section */
		9719410E25B22A770030341D = {
			isa = PBXGroup;
			children = (
				9719411925B22A770030341D /* CurrencyConverter */,
				9719413025B22A790030341D /* CurrencyConverterTests */,
				9719413B25B22A790030341D /* CurrencyConverterUITests */,
				9719411825B22A770030341D /* Products */,
			);
			sourceTree = "<group>";
		};
		9719411825B22A770030341D /* Products */ = {
			isa = PBXGroup;
			children = (
				9719411725B22A770030341D /* CurrencyConverter.app */,
				9719412D25B22A790030341D /* CurrencyConverterTests.xctest */,
				9719413825B22A790030341D /* CurrencyConverterUITests.xctest */,
			);
			name = Products;
			sourceTree = "<group>";
		};
		9719411925B22A770030341D /* CurrencyConverter */ = {
			isa = PBXGroup;
			children = (
				978D6BE625BDBBC700B87CAF /* Localizable */,
				9745B5BC25BA2C540050DAFC /* Services */,
				97F08F5C25B60EA000380F41 /* View */,
				97F08F5725B60BDD00380F41 /* Resources */,
				9753B62225B4306500F0CB8A /* Helper */,
				9753B5E625B321EB00F0CB8A /* Model */,
				9753B5A825B235C700F0CB8A /* Dashboard */,
				9753B5A725B235BA00F0CB8A /* Converter */,
				9753B5A625B2358E00F0CB8A /* CurrencySelection */,
				9719411A25B22A770030341D /* AppDelegate.swift */,
				9719412525B22A780030341D /* LaunchScreen.storyboard */,
				9719412825B22A780030341D /* Info.plist */,
				9753B5BD25B241D000F0CB8A /* AppCoordinator.swift */,
				9753B5C225B2426B00F0CB8A /* Coordinator.swift */,
			);
			path = CurrencyConverter;
			sourceTree = "<group>";
		};
		9719413025B22A790030341D /* CurrencyConverterTests */ = {
			isa = PBXGroup;
			children = (
				978D6C1125BDF04100B87CAF /* Dashboard */,
				978D6C0325BDE70C00B87CAF /* Mocks */,
				978D6BF525BDC82000B87CAF /* Services */,
				9719413125B22A790030341D /* CurrencyConverterTests.swift */,
				9719413325B22A790030341D /* Info.plist */,
			);
			path = CurrencyConverterTests;
			sourceTree = "<group>";
		};
		9719413B25B22A790030341D /* CurrencyConverterUITests */ = {
			isa = PBXGroup;
			children = (
				9719413C25B22A790030341D /* CurrencyConverterUITests.swift */,
				9719413E25B22A790030341D /* Info.plist */,
			);
			path = CurrencyConverterUITests;
			sourceTree = "<group>";
		};
		9745B5BC25BA2C540050DAFC /* Services */ = {
			isa = PBXGroup;
			children = (
				97F08F3F25B4B7AB00380F41 /* CurrencyService.swift */,
				97F08F5225B4D07400380F41 /* CurrencyPairService.swift */,
				9745B5BD25BA2C6F0050DAFC /* FetchDecodableNetworkService.swift */,
			);
			path = Services;
			sourceTree = "<group>";
		};
		9753B5A625B2358E00F0CB8A /* CurrencySelection */ = {
			isa = PBXGroup;
			children = (
				9753B5CE25B3202A00F0CB8A /* Model */,
				9753B5CD25B3202200F0CB8A /* ViewModel */,
				9753B5CC25B3201D00F0CB8A /* View */,
				9753B5DC25B3206400F0CB8A /* CurrencySelectionCoordinator.swift */,
			);
			path = CurrencySelection;
			sourceTree = "<group>";
		};
		9753B5A725B235BA00F0CB8A /* Converter */ = {
			isa = PBXGroup;
			children = (
				9753B64325B442A100F0CB8A /* Services */,
				9753B60025B3718E00F0CB8A /* Model */,
				9753B5FF25B3718400F0CB8A /* View */,
				9753B5FE25B3717D00F0CB8A /* ViewModel */,
				9753B60125B371A500F0CB8A /* ConverterCoordinator.swift */,
			);
			path = Converter;
			sourceTree = "<group>";
		};
		9753B5A825B235C700F0CB8A /* Dashboard */ = {
			isa = PBXGroup;
			children = (
				9753B5AA25B2397A00F0CB8A /* ViewModel */,
				9753B5A925B2396300F0CB8A /* View */,
				9753B5AC25B2399A00F0CB8A /* DashboardCoordinator.swift */,
			);
			path = Dashboard;
			sourceTree = "<group>";
		};
		9753B5A925B2396300F0CB8A /* View */ = {
			isa = PBXGroup;
			children = (
				9753B5B425B239AC00F0CB8A /* DashboardViewController.swift */,
				978D6BCC25BDB0BB00B87CAF /* DashboardViewController+ViewComponentsFactory.swift */,
			);
			path = View;
			sourceTree = "<group>";
		};
		9753B5AA25B2397A00F0CB8A /* ViewModel */ = {
			isa = PBXGroup;
			children = (
				9753B5C725B31A8500F0CB8A /* DashboardViewModel.swift */,
			);
			path = ViewModel;
			sourceTree = "<group>";
		};
		9753B5CC25B3201D00F0CB8A /* View */ = {
			isa = PBXGroup;
			children = (
				9753B5CF25B3204800F0CB8A /* CurrencySelectionViewController.swift */,
				9753B5EF25B3290C00F0CB8A /* CurrencySelectionCell.swift */,
				978D6BD725BDB8F200B87CAF /* CurrencySelectionViewController+UITableViewDataSource.swift */,
				978D6BDC25BDB92200B87CAF /* CurrencySelectionViewController+UITableViewDelegate.swift */,
			);
			path = View;
			sourceTree = "<group>";
		};
		9753B5CD25B3202200F0CB8A /* ViewModel */ = {
			isa = PBXGroup;
			children = (
				9753B5D725B3205600F0CB8A /* CurrencySelectionViewModel.swift */,
			);
			path = ViewModel;
			sourceTree = "<group>";
		};
		9753B5CE25B3202A00F0CB8A /* Model */ = {
			isa = PBXGroup;
			children = (
				9753B5E725B321FE00F0CB8A /* CurrencySelection.swift */,
				9753B5F425B32FDB00F0CB8A /* CurrencySelectionCellModelMapper.swift */,
			);
			path = Model;
			sourceTree = "<group>";
		};
		9753B5E625B321EB00F0CB8A /* Model */ = {
			isa = PBXGroup;
			children = (
				9753B5E125B321AC00F0CB8A /* Currency.swift */,
				9753B5F925B369C700F0CB8A /* CurrencyPair.swift */,
			);
			path = Model;
			sourceTree = "<group>";
		};
		9753B5FE25B3717D00F0CB8A /* ViewModel */ = {
			isa = PBXGroup;
			children = (
				9753B60E25B3721900F0CB8A /* ConverterViewModel.swift */,
			);
			path = ViewModel;
			sourceTree = "<group>";
		};
		9753B5FF25B3718400F0CB8A /* View */ = {
			isa = PBXGroup;
			children = (
				9753B60925B371F600F0CB8A /* ConverterViewController.swift */,
				9753B61325B42ABE00F0CB8A /* AddCurrencyPairView.swift */,
				9753B61825B42B2600F0CB8A /* ExchangeRateCell.swift */,
				9753B62825B4353500F0CB8A /* ExchangeRateCellRow.swift */,
				978D6BAE25BB882E00B87CAF /* LabelDecorator.swift */,
				978D6BB325BB887B00B87CAF /* SignificantPartLabelDecorator.swift */,
				978D6BB825BD903F00B87CAF /* ConverterViewController+UITableViewDataSource.swift */,
				978D6BBD25BD907800B87CAF /* ConverterViewController+UITableViewDelegate.swift */,
				978D6BC225BD92C600B87CAF /* ConverterViewController+EditState.swift */,
				978D6BC725BD9EC800B87CAF /* ConverterViewController+ViewComponentsFactory.swift */,
			);
			path = View;
			sourceTree = "<group>";
		};
		9753B60025B3718E00F0CB8A /* Model */ = {
			isa = PBXGroup;
			children = (
				9753B61D25B42C6C00F0CB8A /* ExchangeRateCellModel.swift */,
				9753B62D25B4354C00F0CB8A /* ExchangeRateCellRowModel.swift */,
				9753B63E25B4404A00F0CB8A /* ExchangeRateModel.swift */,
				97B89EDE25B44FC600BF540E /* ExchangeRateCellModelMapper.swift */,
				9745B5B225B8C4970050DAFC /* ExchangeRatesDTO.swift */,
				9745B5C225BA2CC10050DAFC /* ExchangeRatesDTOMapper.swift */,
			);
			path = Model;
			sourceTree = "<group>";
		};
		9753B62225B4306500F0CB8A /* Helper */ = {
			isa = PBXGroup;
			children = (
				9753B62325B4307E00F0CB8A /* UIView+Spacer.swift */,
				97B89EE625B4837E00BF540E /* UIView+Autolayout.swift */,
				9745B5C725BAB8220050DAFC /* OSLog+Category.swift */,
			);
			path = Helper;
			sourceTree = "<group>";
		};
		9753B64325B442A100F0CB8A /* Services */ = {
			isa = PBXGroup;
			children = (
				9753B64425B442B200F0CB8A /* ExchangeRatesService.swift */,
				9745B5B725BA2C330050DAFC /* MockExchangeRatesService.swift */,
			);
			path = Services;
			sourceTree = "<group>";
		};
		978D6BE625BDBBC700B87CAF /* Localizable */ = {
			isa = PBXGroup;
			children = (
				978D6BE125BDBB1E00B87CAF /* L10n.swift */,
				978D6BF125BDBCB400B87CAF /* Localizable.strings */,
			);
			path = Localizable;
			sourceTree = "<group>";
		};
		978D6BF525BDC82000B87CAF /* Services */ = {
			isa = PBXGroup;
			children = (
				978D6BF625BDC83000B87CAF /* CurrencyServiceTests.swift */,
				978D6BFE25BDD7F400B87CAF /* CurrencyPairServiceTests.swift */,
			);
			path = Services;
			sourceTree = "<group>";
		};
		978D6C0325BDE70C00B87CAF /* Mocks */ = {
			isa = PBXGroup;
			children = (
				978D6C0425BDE71D00B87CAF /* CurrencyPairMock.swift */,
				978D6C0C25BDE7B300B87CAF /* UserDefaultsMock.swift */,
				978D6C1A25BDF12400B87CAF /* DashboardCoordinatorMock.swift */,
			);
			path = Mocks;
			sourceTree = "<group>";
		};
		978D6C1125BDF04100B87CAF /* Dashboard */ = {
			isa = PBXGroup;
			children = (
				978D6C1225BDF05300B87CAF /* DashboardViewModelTests.swift */,
			);
			path = Dashboard;
			sourceTree = "<group>";
		};
		97F08F5725B60BDD00380F41 /* Resources */ = {
			isa = PBXGroup;
			children = (
				97F08F5825B60BFD00380F41 /* Roboto-Regular.ttf */,
				9719412325B22A780030341D /* Assets.xcassets */,
			);
			path = Resources;
			sourceTree = "<group>";
		};
		97F08F5C25B60EA000380F41 /* View */ = {
			isa = PBXGroup;
			children = (
				97F08F5D25B60EC400380F41 /* FontProvider.swift */,
				97F08F6525B6125500380F41 /* ColorProvider.swift */,
			);
			path = View;
			sourceTree = "<group>";
		};
/* End PBXGroup section */

/* Begin PBXNativeTarget section */
		9719411625B22A770030341D /* CurrencyConverter */ = {
			isa = PBXNativeTarget;
			buildConfigurationList = 9719414125B22A790030341D /* Build configuration list for PBXNativeTarget "CurrencyConverter" */;
			buildPhases = (
				9719411325B22A770030341D /* Sources */,
				9719411425B22A770030341D /* Frameworks */,
				9719411525B22A770030341D /* Resources */,
			);
			buildRules = (
			);
			dependencies = (
			);
			name = CurrencyConverter;
			productName = CurrencyConverter;
			productReference = 9719411725B22A770030341D /* CurrencyConverter.app */;
			productType = "com.apple.product-type.application";
		};
		9719412C25B22A790030341D /* CurrencyConverterTests */ = {
			isa = PBXNativeTarget;
			buildConfigurationList = 9719414425B22A790030341D /* Build configuration list for PBXNativeTarget "CurrencyConverterTests" */;
			buildPhases = (
				9719412925B22A790030341D /* Sources */,
				9719412A25B22A790030341D /* Frameworks */,
				9719412B25B22A790030341D /* Resources */,
			);
			buildRules = (
			);
			dependencies = (
				9719412F25B22A790030341D /* PBXTargetDependency */,
			);
			name = CurrencyConverterTests;
			productName = CurrencyConverterTests;
			productReference = 9719412D25B22A790030341D /* CurrencyConverterTests.xctest */;
			productType = "com.apple.product-type.bundle.unit-test";
		};
		9719413725B22A790030341D /* CurrencyConverterUITests */ = {
			isa = PBXNativeTarget;
			buildConfigurationList = 9719414725B22A790030341D /* Build configuration list for PBXNativeTarget "CurrencyConverterUITests" */;
			buildPhases = (
				9719413425B22A790030341D /* Sources */,
				9719413525B22A790030341D /* Frameworks */,
				9719413625B22A790030341D /* Resources */,
			);
			buildRules = (
			);
			dependencies = (
				9719413A25B22A790030341D /* PBXTargetDependency */,
			);
			name = CurrencyConverterUITests;
			productName = CurrencyConverterUITests;
			productReference = 9719413825B22A790030341D /* CurrencyConverterUITests.xctest */;
			productType = "com.apple.product-type.bundle.ui-testing";
		};
/* End PBXNativeTarget section */

/* Begin PBXProject section */
		9719410F25B22A770030341D /* Project object */ = {
			isa = PBXProject;
			attributes = {
				LastSwiftUpdateCheck = 1230;
				LastUpgradeCheck = 1230;
				TargetAttributes = {
					9719411625B22A770030341D = {
						CreatedOnToolsVersion = 12.3;
					};
					9719412C25B22A790030341D = {
						CreatedOnToolsVersion = 12.3;
						TestTargetID = 9719411625B22A770030341D;
					};
					9719413725B22A790030341D = {
						CreatedOnToolsVersion = 12.3;
						TestTargetID = 9719411625B22A770030341D;
					};
				};
			};
			buildConfigurationList = 9719411225B22A770030341D /* Build configuration list for PBXProject "CurrencyConverter" */;
			compatibilityVersion = "Xcode 9.3";
			developmentRegion = en;
			hasScannedForEncodings = 0;
			knownRegions = (
				en,
				Base,
			);
			mainGroup = 9719410E25B22A770030341D;
			productRefGroup = 9719411825B22A770030341D /* Products */;
			projectDirPath = "";
			projectRoot = "";
			targets = (
				9719411625B22A770030341D /* CurrencyConverter */,
				9719412C25B22A790030341D /* CurrencyConverterTests */,
				9719413725B22A790030341D /* CurrencyConverterUITests */,
			);
		};
/* End PBXProject section */

/* Begin PBXResourcesBuildPhase section */
		9719411525B22A770030341D /* Resources */ = {
			isa = PBXResourcesBuildPhase;
			buildActionMask = 2147483647;
			files = (
				9719412725B22A780030341D /* LaunchScreen.storyboard in Resources */,
				978D6BEF25BDBCB400B87CAF /* Localizable.strings in Resources */,
				9719412425B22A780030341D /* Assets.xcassets in Resources */,
				9745B5AE25B636F50050DAFC /* Roboto-Regular.ttf in Resources */,
			);
			runOnlyForDeploymentPostprocessing = 0;
		};
		9719412B25B22A790030341D /* Resources */ = {
			isa = PBXResourcesBuildPhase;
			buildActionMask = 2147483647;
			files = (
			);
			runOnlyForDeploymentPostprocessing = 0;
		};
		9719413625B22A790030341D /* Resources */ = {
			isa = PBXResourcesBuildPhase;
			buildActionMask = 2147483647;
			files = (
			);
			runOnlyForDeploymentPostprocessing = 0;
		};
/* End PBXResourcesBuildPhase section */

/* Begin PBXSourcesBuildPhase section */
		9719411325B22A770030341D /* Sources */ = {
			isa = PBXSourcesBuildPhase;
			buildActionMask = 2147483647;
			files = (
				978D6BE225BDBB1E00B87CAF /* L10n.swift in Sources */,
				9753B5E225B321AC00F0CB8A /* Currency.swift in Sources */,
				97B89EE725B4837E00BF540E /* UIView+Autolayout.swift in Sources */,
				978D6BB425BB887B00B87CAF /* SignificantPartLabelDecorator.swift in Sources */,
				9753B5DD25B3206400F0CB8A /* CurrencySelectionCoordinator.swift in Sources */,
				9753B5BE25B241D000F0CB8A /* AppCoordinator.swift in Sources */,
				9753B62925B4353500F0CB8A /* ExchangeRateCellRow.swift in Sources */,
				9745B5C325BA2CC10050DAFC /* ExchangeRatesDTOMapper.swift in Sources */,
				9753B64525B442B200F0CB8A /* ExchangeRatesService.swift in Sources */,
				9753B5F025B3290C00F0CB8A /* CurrencySelectionCell.swift in Sources */,
				9753B61E25B42C6C00F0CB8A /* ExchangeRateCellModel.swift in Sources */,
				978D6BBE25BD907800B87CAF /* ConverterViewController+UITableViewDelegate.swift in Sources */,
				9753B5FA25B369C700F0CB8A /* CurrencyPair.swift in Sources */,
				9753B5F525B32FDB00F0CB8A /* CurrencySelectionCellModelMapper.swift in Sources */,
				978D6BB925BD903F00B87CAF /* ConverterViewController+UITableViewDataSource.swift in Sources */,
				978D6BDD25BDB92200B87CAF /* CurrencySelectionViewController+UITableViewDelegate.swift in Sources */,
				9745B5BE25BA2C6F0050DAFC /* FetchDecodableNetworkService.swift in Sources */,
				978D6BC325BD92C600B87CAF /* ConverterViewController+EditState.swift in Sources */,
				9753B62425B4307E00F0CB8A /* UIView+Spacer.swift in Sources */,
				9753B62E25B4354C00F0CB8A /* ExchangeRateCellRowModel.swift in Sources */,
				9753B60F25B3721900F0CB8A /* ConverterViewModel.swift in Sources */,
				9745B5B325B8C4970050DAFC /* ExchangeRatesDTO.swift in Sources */,
				9745B5B825BA2C330050DAFC /* MockExchangeRatesService.swift in Sources */,
				978D6BCD25BDB0BB00B87CAF /* DashboardViewController+ViewComponentsFactory.swift in Sources */,
				9753B61425B42ABE00F0CB8A /* AddCurrencyPairView.swift in Sources */,
				978D6BC825BD9EC800B87CAF /* ConverterViewController+ViewComponentsFactory.swift in Sources */,
				9745B5C825BAB8220050DAFC /* OSLog+Category.swift in Sources */,
				978D6BD825BDB8F200B87CAF /* CurrencySelectionViewController+UITableViewDataSource.swift in Sources */,
				9753B5D025B3204800F0CB8A /* CurrencySelectionViewController.swift in Sources */,
				9753B5AD25B2399A00F0CB8A /* DashboardCoordinator.swift in Sources */,
				978D6BAF25BB882E00B87CAF /* LabelDecorator.swift in Sources */,
				9753B5B525B239AC00F0CB8A /* DashboardViewController.swift in Sources */,
				9753B5E825B321FE00F0CB8A /* CurrencySelection.swift in Sources */,
				97F08F4025B4B7AB00380F41 /* CurrencyService.swift in Sources */,
				9753B60225B371A500F0CB8A /* ConverterCoordinator.swift in Sources */,
				9719411B25B22A770030341D /* AppDelegate.swift in Sources */,
				97F08F5E25B60EC400380F41 /* FontProvider.swift in Sources */,
				9753B61925B42B2600F0CB8A /* ExchangeRateCell.swift in Sources */,
				97F08F6625B6125500380F41 /* ColorProvider.swift in Sources */,
				9753B63F25B4404A00F0CB8A /* ExchangeRateModel.swift in Sources */,
				9753B5D825B3205600F0CB8A /* CurrencySelectionViewModel.swift in Sources */,
				9753B5C325B2426B00F0CB8A /* Coordinator.swift in Sources */,
				97F08F5325B4D07400380F41 /* CurrencyPairService.swift in Sources */,
				9753B5C825B31A8500F0CB8A /* DashboardViewModel.swift in Sources */,
				9753B60A25B371F600F0CB8A /* ConverterViewController.swift in Sources */,
				97B89EDF25B44FC600BF540E /* ExchangeRateCellModelMapper.swift in Sources */,
			);
			runOnlyForDeploymentPostprocessing = 0;
		};
		9719412925B22A790030341D /* Sources */ = {
			isa = PBXSourcesBuildPhase;
			buildActionMask = 2147483647;
			files = (
				978D6C0D25BDE7B300B87CAF /* UserDefaultsMock.swift in Sources */,
				978D6BFF25BDD7F400B87CAF /* CurrencyPairServiceTests.swift in Sources */,
				978D6BF725BDC83000B87CAF /* CurrencyServiceTests.swift in Sources */,
				978D6C1325BDF05300B87CAF /* DashboardViewModelTests.swift in Sources */,
				978D6C0525BDE71D00B87CAF /* CurrencyPairMock.swift in Sources */,
				978D6C1B25BDF12400B87CAF /* DashboardCoordinatorMock.swift in Sources */,
				9719413225B22A790030341D /* CurrencyConverterTests.swift in Sources */,
			);
			runOnlyForDeploymentPostprocessing = 0;
		};
		9719413425B22A790030341D /* Sources */ = {
			isa = PBXSourcesBuildPhase;
			buildActionMask = 2147483647;
			files = (
				9719413D25B22A790030341D /* CurrencyConverterUITests.swift in Sources */,
			);
			runOnlyForDeploymentPostprocessing = 0;
		};
/* End PBXSourcesBuildPhase section */

/* Begin PBXTargetDependency section */
		9719412F25B22A790030341D /* PBXTargetDependency */ = {
			isa = PBXTargetDependency;
			target = 9719411625B22A770030341D /* CurrencyConverter */;
			targetProxy = 9719412E25B22A790030341D /* PBXContainerItemProxy */;
		};
		9719413A25B22A790030341D /* PBXTargetDependency */ = {
			isa = PBXTargetDependency;
			target = 9719411625B22A770030341D /* CurrencyConverter */;
			targetProxy = 9719413925B22A790030341D /* PBXContainerItemProxy */;
		};
/* End PBXTargetDependency section */

/* Begin PBXVariantGroup section */
		9719412525B22A780030341D /* LaunchScreen.storyboard */ = {
			isa = PBXVariantGroup;
			children = (
				9719412625B22A780030341D /* Base */,
			);
			name = LaunchScreen.storyboard;
			sourceTree = "<group>";
		};
		978D6BF125BDBCB400B87CAF /* Localizable.strings */ = {
			isa = PBXVariantGroup;
			children = (
				978D6BF025BDBCB400B87CAF /* en */,
			);
			name = Localizable.strings;
			sourceTree = "<group>";
		};
/* End PBXVariantGroup section */

/* Begin XCBuildConfiguration section */
		9719413F25B22A790030341D /* Debug */ = {
			isa = XCBuildConfiguration;
			buildSettings = {
				ALWAYS_SEARCH_USER_PATHS = NO;
				CLANG_ANALYZER_NONNULL = YES;
				CLANG_ANALYZER_NUMBER_OBJECT_CONVERSION = YES_AGGRESSIVE;
				CLANG_CXX_LANGUAGE_STANDARD = "gnu++14";
				CLANG_CXX_LIBRARY = "libc++";
				CLANG_ENABLE_MODULES = YES;
				CLANG_ENABLE_OBJC_ARC = YES;
				CLANG_ENABLE_OBJC_WEAK = YES;
				CLANG_WARN_BLOCK_CAPTURE_AUTORELEASING = YES;
				CLANG_WARN_BOOL_CONVERSION = YES;
				CLANG_WARN_COMMA = YES;
				CLANG_WARN_CONSTANT_CONVERSION = YES;
				CLANG_WARN_DEPRECATED_OBJC_IMPLEMENTATIONS = YES;
				CLANG_WARN_DIRECT_OBJC_ISA_USAGE = YES_ERROR;
				CLANG_WARN_DOCUMENTATION_COMMENTS = YES;
				CLANG_WARN_EMPTY_BODY = YES;
				CLANG_WARN_ENUM_CONVERSION = YES;
				CLANG_WARN_INFINITE_RECURSION = YES;
				CLANG_WARN_INT_CONVERSION = YES;
				CLANG_WARN_NON_LITERAL_NULL_CONVERSION = YES;
				CLANG_WARN_OBJC_IMPLICIT_RETAIN_SELF = YES;
				CLANG_WARN_OBJC_LITERAL_CONVERSION = YES;
				CLANG_WARN_OBJC_ROOT_CLASS = YES_ERROR;
				CLANG_WARN_QUOTED_INCLUDE_IN_FRAMEWORK_HEADER = YES;
				CLANG_WARN_RANGE_LOOP_ANALYSIS = YES;
				CLANG_WARN_STRICT_PROTOTYPES = YES;
				CLANG_WARN_SUSPICIOUS_MOVE = YES;
				CLANG_WARN_UNGUARDED_AVAILABILITY = YES_AGGRESSIVE;
				CLANG_WARN_UNREACHABLE_CODE = YES;
				CLANG_WARN__DUPLICATE_METHOD_MATCH = YES;
				COPY_PHASE_STRIP = NO;
				DEBUG_INFORMATION_FORMAT = dwarf;
				ENABLE_STRICT_OBJC_MSGSEND = YES;
				ENABLE_TESTABILITY = YES;
				GCC_C_LANGUAGE_STANDARD = gnu11;
				GCC_DYNAMIC_NO_PIC = NO;
				GCC_NO_COMMON_BLOCKS = YES;
				GCC_OPTIMIZATION_LEVEL = 0;
				GCC_PREPROCESSOR_DEFINITIONS = (
					"DEBUG=1",
					"$(inherited)",
				);
				GCC_WARN_64_TO_32_BIT_CONVERSION = YES;
				GCC_WARN_ABOUT_RETURN_TYPE = YES_ERROR;
				GCC_WARN_UNDECLARED_SELECTOR = YES;
				GCC_WARN_UNINITIALIZED_AUTOS = YES_AGGRESSIVE;
				GCC_WARN_UNUSED_FUNCTION = YES;
				GCC_WARN_UNUSED_VARIABLE = YES;
				IPHONEOS_DEPLOYMENT_TARGET = 12.0;
				MTL_ENABLE_DEBUG_INFO = INCLUDE_SOURCE;
				MTL_FAST_MATH = YES;
				ONLY_ACTIVE_ARCH = YES;
				SDKROOT = iphoneos;
				SWIFT_ACTIVE_COMPILATION_CONDITIONS = DEBUG;
				SWIFT_OPTIMIZATION_LEVEL = "-Onone";
			};
			name = Debug;
		};
		9719414025B22A790030341D /* Release */ = {
			isa = XCBuildConfiguration;
			buildSettings = {
				ALWAYS_SEARCH_USER_PATHS = NO;
				CLANG_ANALYZER_NONNULL = YES;
				CLANG_ANALYZER_NUMBER_OBJECT_CONVERSION = YES_AGGRESSIVE;
				CLANG_CXX_LANGUAGE_STANDARD = "gnu++14";
				CLANG_CXX_LIBRARY = "libc++";
				CLANG_ENABLE_MODULES = YES;
				CLANG_ENABLE_OBJC_ARC = YES;
				CLANG_ENABLE_OBJC_WEAK = YES;
				CLANG_WARN_BLOCK_CAPTURE_AUTORELEASING = YES;
				CLANG_WARN_BOOL_CONVERSION = YES;
				CLANG_WARN_COMMA = YES;
				CLANG_WARN_CONSTANT_CONVERSION = YES;
				CLANG_WARN_DEPRECATED_OBJC_IMPLEMENTATIONS = YES;
				CLANG_WARN_DIRECT_OBJC_ISA_USAGE = YES_ERROR;
				CLANG_WARN_DOCUMENTATION_COMMENTS = YES;
				CLANG_WARN_EMPTY_BODY = YES;
				CLANG_WARN_ENUM_CONVERSION = YES;
				CLANG_WARN_INFINITE_RECURSION = YES;
				CLANG_WARN_INT_CONVERSION = YES;
				CLANG_WARN_NON_LITERAL_NULL_CONVERSION = YES;
				CLANG_WARN_OBJC_IMPLICIT_RETAIN_SELF = YES;
				CLANG_WARN_OBJC_LITERAL_CONVERSION = YES;
				CLANG_WARN_OBJC_ROOT_CLASS = YES_ERROR;
				CLANG_WARN_QUOTED_INCLUDE_IN_FRAMEWORK_HEADER = YES;
				CLANG_WARN_RANGE_LOOP_ANALYSIS = YES;
				CLANG_WARN_STRICT_PROTOTYPES = YES;
				CLANG_WARN_SUSPICIOUS_MOVE = YES;
				CLANG_WARN_UNGUARDED_AVAILABILITY = YES_AGGRESSIVE;
				CLANG_WARN_UNREACHABLE_CODE = YES;
				CLANG_WARN__DUPLICATE_METHOD_MATCH = YES;
				COPY_PHASE_STRIP = NO;
				DEBUG_INFORMATION_FORMAT = "dwarf-with-dsym";
				ENABLE_NS_ASSERTIONS = NO;
				ENABLE_STRICT_OBJC_MSGSEND = YES;
				GCC_C_LANGUAGE_STANDARD = gnu11;
				GCC_NO_COMMON_BLOCKS = YES;
				GCC_WARN_64_TO_32_BIT_CONVERSION = YES;
				GCC_WARN_ABOUT_RETURN_TYPE = YES_ERROR;
				GCC_WARN_UNDECLARED_SELECTOR = YES;
				GCC_WARN_UNINITIALIZED_AUTOS = YES_AGGRESSIVE;
				GCC_WARN_UNUSED_FUNCTION = YES;
				GCC_WARN_UNUSED_VARIABLE = YES;
				IPHONEOS_DEPLOYMENT_TARGET = 12.0;
				MTL_ENABLE_DEBUG_INFO = NO;
				MTL_FAST_MATH = YES;
				SDKROOT = iphoneos;
				SWIFT_COMPILATION_MODE = wholemodule;
				SWIFT_OPTIMIZATION_LEVEL = "-O";
				VALIDATE_PRODUCT = YES;
			};
			name = Release;
		};
		9719414225B22A790030341D /* Debug */ = {
			isa = XCBuildConfiguration;
			buildSettings = {
				ASSETCATALOG_COMPILER_APPICON_NAME = AppIcon;
				ASSETCATALOG_COMPILER_GLOBAL_ACCENT_COLOR_NAME = AccentColor;
				CODE_SIGN_STYLE = Automatic;
				INFOPLIST_FILE = CurrencyConverter/Info.plist;
				LD_RUNPATH_SEARCH_PATHS = (
					"$(inherited)",
					"@executable_path/Frameworks",
				);
				PRODUCT_BUNDLE_IDENTIFIER = kashel.CurrencyConverter;
				PRODUCT_NAME = "$(TARGET_NAME)";
				SWIFT_VERSION = 5.0;
				TARGETED_DEVICE_FAMILY = "1,2";
			};
			name = Debug;
		};
		9719414325B22A790030341D /* Release */ = {
			isa = XCBuildConfiguration;
			buildSettings = {
				ASSETCATALOG_COMPILER_APPICON_NAME = AppIcon;
				ASSETCATALOG_COMPILER_GLOBAL_ACCENT_COLOR_NAME = AccentColor;
				CODE_SIGN_STYLE = Automatic;
				INFOPLIST_FILE = CurrencyConverter/Info.plist;
				LD_RUNPATH_SEARCH_PATHS = (
					"$(inherited)",
					"@executable_path/Frameworks",
				);
				PRODUCT_BUNDLE_IDENTIFIER = kashel.CurrencyConverter;
				PRODUCT_NAME = "$(TARGET_NAME)";
				SWIFT_VERSION = 5.0;
				TARGETED_DEVICE_FAMILY = "1,2";
			};
			name = Release;
		};
		9719414525B22A790030341D /* Debug */ = {
			isa = XCBuildConfiguration;
			buildSettings = {
				ALWAYS_EMBED_SWIFT_STANDARD_LIBRARIES = YES;
				BUNDLE_LOADER = "$(TEST_HOST)";
				CODE_SIGN_STYLE = Automatic;
				INFOPLIST_FILE = CurrencyConverterTests/Info.plist;
				IPHONEOS_DEPLOYMENT_TARGET = 14.3;
				LD_RUNPATH_SEARCH_PATHS = (
					"$(inherited)",
					"@executable_path/Frameworks",
					"@loader_path/Frameworks",
				);
				PRODUCT_BUNDLE_IDENTIFIER = kashel.CurrencyConverterTests;
				PRODUCT_NAME = "$(TARGET_NAME)";
				SWIFT_VERSION = 5.0;
				TARGETED_DEVICE_FAMILY = "1,2";
				TEST_HOST = "$(BUILT_PRODUCTS_DIR)/CurrencyConverter.app/CurrencyConverter";
			};
			name = Debug;
		};
		9719414625B22A790030341D /* Release */ = {
			isa = XCBuildConfiguration;
			buildSettings = {
				ALWAYS_EMBED_SWIFT_STANDARD_LIBRARIES = YES;
				BUNDLE_LOADER = "$(TEST_HOST)";
				CODE_SIGN_STYLE = Automatic;
				INFOPLIST_FILE = CurrencyConverterTests/Info.plist;
				IPHONEOS_DEPLOYMENT_TARGET = 14.3;
				LD_RUNPATH_SEARCH_PATHS = (
					"$(inherited)",
					"@executable_path/Frameworks",
					"@loader_path/Frameworks",
				);
				PRODUCT_BUNDLE_IDENTIFIER = kashel.CurrencyConverterTests;
				PRODUCT_NAME = "$(TARGET_NAME)";
				SWIFT_VERSION = 5.0;
				TARGETED_DEVICE_FAMILY = "1,2";
				TEST_HOST = "$(BUILT_PRODUCTS_DIR)/CurrencyConverter.app/CurrencyConverter";
			};
			name = Release;
		};
		9719414825B22A790030341D /* Debug */ = {
			isa = XCBuildConfiguration;
			buildSettings = {
				ALWAYS_EMBED_SWIFT_STANDARD_LIBRARIES = YES;
				CODE_SIGN_STYLE = Automatic;
				INFOPLIST_FILE = CurrencyConverterUITests/Info.plist;
				LD_RUNPATH_SEARCH_PATHS = (
					"$(inherited)",
					"@executable_path/Frameworks",
					"@loader_path/Frameworks",
				);
				PRODUCT_BUNDLE_IDENTIFIER = kashel.CurrencyConverterUITests;
				PRODUCT_NAME = "$(TARGET_NAME)";
				SWIFT_VERSION = 5.0;
				TARGETED_DEVICE_FAMILY = "1,2";
				TEST_TARGET_NAME = CurrencyConverter;
			};
			name = Debug;
		};
		9719414925B22A790030341D /* Release */ = {
			isa = XCBuildConfiguration;
			buildSettings = {
				ALWAYS_EMBED_SWIFT_STANDARD_LIBRARIES = YES;
				CODE_SIGN_STYLE = Automatic;
				INFOPLIST_FILE = CurrencyConverterUITests/Info.plist;
				LD_RUNPATH_SEARCH_PATHS = (
					"$(inherited)",
					"@executable_path/Frameworks",
					"@loader_path/Frameworks",
				);
				PRODUCT_BUNDLE_IDENTIFIER = kashel.CurrencyConverterUITests;
				PRODUCT_NAME = "$(TARGET_NAME)";
				SWIFT_VERSION = 5.0;
				TARGETED_DEVICE_FAMILY = "1,2";
				TEST_TARGET_NAME = CurrencyConverter;
			};
			name = Release;
		};
/* End XCBuildConfiguration section */

/* Begin XCConfigurationList section */
		9719411225B22A770030341D /* Build configuration list for PBXProject "CurrencyConverter" */ = {
			isa = XCConfigurationList;
			buildConfigurations = (
				9719413F25B22A790030341D /* Debug */,
				9719414025B22A790030341D /* Release */,
			);
			defaultConfigurationIsVisible = 0;
			defaultConfigurationName = Release;
		};
		9719414125B22A790030341D /* Build configuration list for PBXNativeTarget "CurrencyConverter" */ = {
			isa = XCConfigurationList;
			buildConfigurations = (
				9719414225B22A790030341D /* Debug */,
				9719414325B22A790030341D /* Release */,
			);
			defaultConfigurationIsVisible = 0;
			defaultConfigurationName = Release;
		};
		9719414425B22A790030341D /* Build configuration list for PBXNativeTarget "CurrencyConverterTests" */ = {
			isa = XCConfigurationList;
			buildConfigurations = (
				9719414525B22A790030341D /* Debug */,
				9719414625B22A790030341D /* Release */,
			);
			defaultConfigurationIsVisible = 0;
			defaultConfigurationName = Release;
		};
		9719414725B22A790030341D /* Build configuration list for PBXNativeTarget "CurrencyConverterUITests" */ = {
			isa = XCConfigurationList;
			buildConfigurations = (
				9719414825B22A790030341D /* Debug */,
				9719414925B22A790030341D /* Release */,
			);
			defaultConfigurationIsVisible = 0;
			defaultConfigurationName = Release;
		};
/* End XCConfigurationList section */
	};
	rootObject = 9719410F25B22A770030341D /* Project object */;
}
