// !$*UTF8*$!
{
	archiveVersion = 1;
	classes = {
	};
	objectVersion = 50;
	objects = {

/* Begin PBXBuildFile section */
		9719411B25B22A770030341D /* AppDelegate.swift in Sources */ = {isa = PBXBuildFile; fileRef = 9719411A25B22A770030341D /* AppDelegate.swift */; };
		9719411D25B22A770030341D /* SceneDelegate.swift in Sources */ = {isa = PBXBuildFile; fileRef = 9719411C25B22A770030341D /* SceneDelegate.swift */; };
		9719411F25B22A770030341D /* ViewController.swift in Sources */ = {isa = PBXBuildFile; fileRef = 9719411E25B22A770030341D /* ViewController.swift */; };
		9719412225B22A770030341D /* Main.storyboard in Resources */ = {isa = PBXBuildFile; fileRef = 9719412025B22A770030341D /* Main.storyboard */; };
		9719412425B22A780030341D /* Assets.xcassets in Resources */ = {isa = PBXBuildFile; fileRef = 9719412325B22A780030341D /* Assets.xcassets */; };
		9719412725B22A780030341D /* LaunchScreen.storyboard in Resources */ = {isa = PBXBuildFile; fileRef = 9719412525B22A780030341D /* LaunchScreen.storyboard */; };
		9719413225B22A790030341D /* CurrencyConverterTests.swift in Sources */ = {isa = PBXBuildFile; fileRef = 9719413125B22A790030341D /* CurrencyConverterTests.swift */; };
		9719413D25B22A790030341D /* CurrencyConverterUITests.swift in Sources */ = {isa = PBXBuildFile; fileRef = 9719413C25B22A790030341D /* CurrencyConverterUITests.swift */; };
		9753B5AD25B2399A00F0CB8A /* DashboardCoordinator.swift in Sources */ = {isa = PBXBuildFile; fileRef = 9753B5AC25B2399A00F0CB8A /* DashboardCoordinator.swift */; };
		9753B5B525B239AC00F0CB8A /* DashboardViewController.swift in Sources */ = {isa = PBXBuildFile; fileRef = 9753B5B425B239AC00F0CB8A /* DashboardViewController.swift */; };
		9753B5BE25B241D000F0CB8A /* AppCoordinator.swift in Sources */ = {isa = PBXBuildFile; fileRef = 9753B5BD25B241D000F0CB8A /* AppCoordinator.swift */; };
		9753B5C325B2426B00F0CB8A /* Coordinator.swift in Sources */ = {isa = PBXBuildFile; fileRef = 9753B5C225B2426B00F0CB8A /* Coordinator.swift */; };
		9753B5C825B31A8500F0CB8A /* DashboardViewModel.swift in Sources */ = {isa = PBXBuildFile; fileRef = 9753B5C725B31A8500F0CB8A /* DashboardViewModel.swift */; };
		9753B5D025B3204800F0CB8A /* CurrencySelectionViewController.swift in Sources */ = {isa = PBXBuildFile; fileRef = 9753B5CF25B3204800F0CB8A /* CurrencySelectionViewController.swift */; };
		9753B5D825B3205600F0CB8A /* CurrencySelectionViewModel.swift in Sources */ = {isa = PBXBuildFile; fileRef = 9753B5D725B3205600F0CB8A /* CurrencySelectionViewModel.swift */; };
		9753B5DD25B3206400F0CB8A /* CurrencySelectionCoordinator.swift in Sources */ = {isa = PBXBuildFile; fileRef = 9753B5DC25B3206400F0CB8A /* CurrencySelectionCoordinator.swift */; };
		9753B5E225B321AC00F0CB8A /* Currency.swift in Sources */ = {isa = PBXBuildFile; fileRef = 9753B5E125B321AC00F0CB8A /* Currency.swift */; };
		9753B5E825B321FE00F0CB8A /* CurrencySelection.swift in Sources */ = {isa = PBXBuildFile; fileRef = 9753B5E725B321FE00F0CB8A /* CurrencySelection.swift */; };
		9753B5F025B3290C00F0CB8A /* CurrencySelectionCell.swift in Sources */ = {isa = PBXBuildFile; fileRef = 9753B5EF25B3290C00F0CB8A /* CurrencySelectionCell.swift */; };
		9753B5F525B32FDB00F0CB8A /* CurrencySelectionCellModelMapper.swift in Sources */ = {isa = PBXBuildFile; fileRef = 9753B5F425B32FDB00F0CB8A /* CurrencySelectionCellModelMapper.swift */; };
/* End PBXBuildFile section */

/* Begin PBXContainerItemProxy section */
		9719412E25B22A790030341D /* PBXContainerItemProxy */ = {
			isa = PBXContainerItemProxy;
			containerPortal = 9719410F25B22A770030341D /* Project object */;
			proxyType = 1;
			remoteGlobalIDString = 9719411625B22A770030341D;
			remoteInfo = CurrencyConverter;
		};
		9719413925B22A790030341D /* PBXContainerItemProxy */ = {
			isa = PBXContainerItemProxy;
			containerPortal = 9719410F25B22A770030341D /* Project object */;
			proxyType = 1;
			remoteGlobalIDString = 9719411625B22A770030341D;
			remoteInfo = CurrencyConverter;
		};
/* End PBXContainerItemProxy section */

/* Begin PBXFileReference section */
		9719411725B22A770030341D /* CurrencyConverter.app */ = {isa = PBXFileReference; explicitFileType = wrapper.application; includeInIndex = 0; path = CurrencyConverter.app; sourceTree = BUILT_PRODUCTS_DIR; };
		9719411A25B22A770030341D /* AppDelegate.swift */ = {isa = PBXFileReference; lastKnownFileType = sourcecode.swift; path = AppDelegate.swift; sourceTree = "<group>"; };
		9719411C25B22A770030341D /* SceneDelegate.swift */ = {isa = PBXFileReference; lastKnownFileType = sourcecode.swift; path = SceneDelegate.swift; sourceTree = "<group>"; };
		9719411E25B22A770030341D /* ViewController.swift */ = {isa = PBXFileReference; lastKnownFileType = sourcecode.swift; path = ViewController.swift; sourceTree = "<group>"; };
		9719412125B22A770030341D /* Base */ = {isa = PBXFileReference; lastKnownFileType = file.storyboard; name = Base; path = Base.lproj/Main.storyboard; sourceTree = "<group>"; };
		9719412325B22A780030341D /* Assets.xcassets */ = {isa = PBXFileReference; lastKnownFileType = folder.assetcatalog; path = Assets.xcassets; sourceTree = "<group>"; };
		9719412625B22A780030341D /* Base */ = {isa = PBXFileReference; lastKnownFileType = file.storyboard; name = Base; path = Base.lproj/LaunchScreen.storyboard; sourceTree = "<group>"; };
		9719412825B22A780030341D /* Info.plist */ = {isa = PBXFileReference; lastKnownFileType = text.plist.xml; path = Info.plist; sourceTree = "<group>"; };
		9719412D25B22A790030341D /* CurrencyConverterTests.xctest */ = {isa = PBXFileReference; explicitFileType = wrapper.cfbundle; includeInIndex = 0; path = CurrencyConverterTests.xctest; sourceTree = BUILT_PRODUCTS_DIR; };
		9719413125B22A790030341D /* CurrencyConverterTests.swift */ = {isa = PBXFileReference; lastKnownFileType = sourcecode.swift; path = CurrencyConverterTests.swift; sourceTree = "<group>"; };
		9719413325B22A790030341D /* Info.plist */ = {isa = PBXFileReference; lastKnownFileType = text.plist.xml; path = Info.plist; sourceTree = "<group>"; };
		9719413825B22A790030341D /* CurrencyConverterUITests.xctest */ = {isa = PBXFileReference; explicitFileType = wrapper.cfbundle; includeInIndex = 0; path = CurrencyConverterUITests.xctest; sourceTree = BUILT_PRODUCTS_DIR; };
		9719413C25B22A790030341D /* CurrencyConverterUITests.swift */ = {isa = PBXFileReference; lastKnownFileType = sourcecode.swift; path = CurrencyConverterUITests.swift; sourceTree = "<group>"; };
		9719413E25B22A790030341D /* Info.plist */ = {isa = PBXFileReference; lastKnownFileType = text.plist.xml; path = Info.plist; sourceTree = "<group>"; };
		9753B5AC25B2399A00F0CB8A /* DashboardCoordinator.swift */ = {isa = PBXFileReference; lastKnownFileType = sourcecode.swift; path = DashboardCoordinator.swift; sourceTree = "<group>"; };
		9753B5B425B239AC00F0CB8A /* DashboardViewController.swift */ = {isa = PBXFileReference; lastKnownFileType = sourcecode.swift; path = DashboardViewController.swift; sourceTree = "<group>"; };
		9753B5BD25B241D000F0CB8A /* AppCoordinator.swift */ = {isa = PBXFileReference; lastKnownFileType = sourcecode.swift; path = AppCoordinator.swift; sourceTree = "<group>"; };
		9753B5C225B2426B00F0CB8A /* Coordinator.swift */ = {isa = PBXFileReference; lastKnownFileType = sourcecode.swift; path = Coordinator.swift; sourceTree = "<group>"; };
		9753B5C725B31A8500F0CB8A /* DashboardViewModel.swift */ = {isa = PBXFileReference; lastKnownFileType = sourcecode.swift; path = DashboardViewModel.swift; sourceTree = "<group>"; };
		9753B5CF25B3204800F0CB8A /* CurrencySelectionViewController.swift */ = {isa = PBXFileReference; lastKnownFileType = sourcecode.swift; path = CurrencySelectionViewController.swift; sourceTree = "<group>"; };
		9753B5D725B3205600F0CB8A /* CurrencySelectionViewModel.swift */ = {isa = PBXFileReference; lastKnownFileType = sourcecode.swift; path = CurrencySelectionViewModel.swift; sourceTree = "<group>"; };
		9753B5DC25B3206400F0CB8A /* CurrencySelectionCoordinator.swift */ = {isa = PBXFileReference; lastKnownFileType = sourcecode.swift; path = CurrencySelectionCoordinator.swift; sourceTree = "<group>"; };
		9753B5E125B321AC00F0CB8A /* Currency.swift */ = {isa = PBXFileReference; lastKnownFileType = sourcecode.swift; path = Currency.swift; sourceTree = "<group>"; };
		9753B5E725B321FE00F0CB8A /* CurrencySelection.swift */ = {isa = PBXFileReference; lastKnownFileType = sourcecode.swift; path = CurrencySelection.swift; sourceTree = "<group>"; };
		9753B5EF25B3290C00F0CB8A /* CurrencySelectionCell.swift */ = {isa = PBXFileReference; lastKnownFileType = sourcecode.swift; path = CurrencySelectionCell.swift; sourceTree = "<group>"; };
		9753B5F425B32FDB00F0CB8A /* CurrencySelectionCellModelMapper.swift */ = {isa = PBXFileReference; lastKnownFileType = sourcecode.swift; path = CurrencySelectionCellModelMapper.swift; sourceTree = "<group>"; };
/* End PBXFileReference section */

/* Begin PBXFrameworksBuildPhase section */
		9719411425B22A770030341D /* Frameworks */ = {
			isa = PBXFrameworksBuildPhase;
			buildActionMask = 2147483647;
			files = (
			);
			runOnlyForDeploymentPostprocessing = 0;
		};
		9719412A25B22A790030341D /* Frameworks */ = {
			isa = PBXFrameworksBuildPhase;
			buildActionMask = 2147483647;
			files = (
			);
			runOnlyForDeploymentPostprocessing = 0;
		};
		9719413525B22A790030341D /* Frameworks */ = {
			isa = PBXFrameworksBuildPhase;
			buildActionMask = 2147483647;
			files = (
			);
			runOnlyForDeploymentPostprocessing = 0;
		};
/* End PBXFrameworksBuildPhase section */

/* Begin PBXGroup section */
		9719410E25B22A770030341D = {
			isa = PBXGroup;
			children = (
				9719411925B22A770030341D /* CurrencyConverter */,
				9719413025B22A790030341D /* CurrencyConverterTests */,
				9719413B25B22A790030341D /* CurrencyConverterUITests */,
				9719411825B22A770030341D /* Products */,
			);
			sourceTree = "<group>";
		};
		9719411825B22A770030341D /* Products */ = {
			isa = PBXGroup;
			children = (
				9719411725B22A770030341D /* CurrencyConverter.app */,
				9719412D25B22A790030341D /* CurrencyConverterTests.xctest */,
				9719413825B22A790030341D /* CurrencyConverterUITests.xctest */,
			);
			name = Products;
			sourceTree = "<group>";
		};
		9719411925B22A770030341D /* CurrencyConverter */ = {
			isa = PBXGroup;
			children = (
				9753B5E625B321EB00F0CB8A /* Model */,
				9753B5A825B235C700F0CB8A /* Dashboard */,
				9753B5A725B235BA00F0CB8A /* Converter */,
				9753B5A625B2358E00F0CB8A /* CurrencySelection */,
				9719411A25B22A770030341D /* AppDelegate.swift */,
				9719411C25B22A770030341D /* SceneDelegate.swift */,
				9719411E25B22A770030341D /* ViewController.swift */,
				9719412025B22A770030341D /* Main.storyboard */,
				9719412325B22A780030341D /* Assets.xcassets */,
				9719412525B22A780030341D /* LaunchScreen.storyboard */,
				9719412825B22A780030341D /* Info.plist */,
				9753B5BD25B241D000F0CB8A /* AppCoordinator.swift */,
				9753B5C225B2426B00F0CB8A /* Coordinator.swift */,
			);
			path = CurrencyConverter;
			sourceTree = "<group>";
		};
		9719413025B22A790030341D /* CurrencyConverterTests */ = {
			isa = PBXGroup;
			children = (
				9719413125B22A790030341D /* CurrencyConverterTests.swift */,
				9719413325B22A790030341D /* Info.plist */,
			);
			path = CurrencyConverterTests;
			sourceTree = "<group>";
		};
		9719413B25B22A790030341D /* CurrencyConverterUITests */ = {
			isa = PBXGroup;
			children = (
				9719413C25B22A790030341D /* CurrencyConverterUITests.swift */,
				9719413E25B22A790030341D /* Info.plist */,
			);
			path = CurrencyConverterUITests;
			sourceTree = "<group>";
		};
		9753B5A625B2358E00F0CB8A /* CurrencySelection */ = {
			isa = PBXGroup;
			children = (
				9753B5CE25B3202A00F0CB8A /* Model */,
				9753B5CD25B3202200F0CB8A /* ViewModel */,
				9753B5CC25B3201D00F0CB8A /* View */,
				9753B5DC25B3206400F0CB8A /* CurrencySelectionCoordinator.swift */,
			);
			path = CurrencySelection;
			sourceTree = "<group>";
		};
		9753B5A725B235BA00F0CB8A /* Converter */ = {
			isa = PBXGroup;
			children = (
			);
			path = Converter;
			sourceTree = "<group>";
		};
		9753B5A825B235C700F0CB8A /* Dashboard */ = {
			isa = PBXGroup;
			children = (
				9753B5AA25B2397A00F0CB8A /* ViewModel */,
				9753B5A925B2396300F0CB8A /* View */,
				9753B5AC25B2399A00F0CB8A /* DashboardCoordinator.swift */,
			);
			path = Dashboard;
			sourceTree = "<group>";
		};
		9753B5A925B2396300F0CB8A /* View */ = {
			isa = PBXGroup;
			children = (
				9753B5B425B239AC00F0CB8A /* DashboardViewController.swift */,
			);
			path = View;
			sourceTree = "<group>";
		};
		9753B5AA25B2397A00F0CB8A /* ViewModel */ = {
			isa = PBXGroup;
			children = (
				9753B5C725B31A8500F0CB8A /* DashboardViewModel.swift */,
			);
			path = ViewModel;
			sourceTree = "<group>";
		};
		9753B5CC25B3201D00F0CB8A /* View */ = {
			isa = PBXGroup;
			children = (
				9753B5CF25B3204800F0CB8A /* CurrencySelectionViewController.swift */,
				9753B5EF25B3290C00F0CB8A /* CurrencySelectionCell.swift */,
			);
			path = View;
			sourceTree = "<group>";
		};
		9753B5CD25B3202200F0CB8A /* ViewModel */ = {
			isa = PBXGroup;
			children = (
				9753B5D725B3205600F0CB8A /* CurrencySelectionViewModel.swift */,
			);
			path = ViewModel;
			sourceTree = "<group>";
		};
		9753B5CE25B3202A00F0CB8A /* Model */ = {
			isa = PBXGroup;
			children = (
				9753B5E725B321FE00F0CB8A /* CurrencySelection.swift */,
				9753B5F425B32FDB00F0CB8A /* CurrencySelectionCellModelMapper.swift */,
			);
			path = Model;
			sourceTree = "<group>";
		};
		9753B5E625B321EB00F0CB8A /* Model */ = {
			isa = PBXGroup;
			children = (
				9753B5E125B321AC00F0CB8A /* Currency.swift */,
			);
			path = Model;
			sourceTree = "<group>";
		};
/* End PBXGroup section */

/* Begin PBXNativeTarget section */
		9719411625B22A770030341D /* CurrencyConverter */ = {
			isa = PBXNativeTarget;
			buildConfigurationList = 9719414125B22A790030341D /* Build configuration list for PBXNativeTarget "CurrencyConverter" */;
			buildPhases = (
				9719411325B22A770030341D /* Sources */,
				9719411425B22A770030341D /* Frameworks */,
				9719411525B22A770030341D /* Resources */,
			);
			buildRules = (
			);
			dependencies = (
			);
			name = CurrencyConverter;
			productName = CurrencyConverter;
			productReference = 9719411725B22A770030341D /* CurrencyConverter.app */;
			productType = "com.apple.product-type.application";
		};
		9719412C25B22A790030341D /* CurrencyConverterTests */ = {
			isa = PBXNativeTarget;
			buildConfigurationList = 9719414425B22A790030341D /* Build configuration list for PBXNativeTarget "CurrencyConverterTests" */;
			buildPhases = (
				9719412925B22A790030341D /* Sources */,
				9719412A25B22A790030341D /* Frameworks */,
				9719412B25B22A790030341D /* Resources */,
			);
			buildRules = (
			);
			dependencies = (
				9719412F25B22A790030341D /* PBXTargetDependency */,
			);
			name = CurrencyConverterTests;
			productName = CurrencyConverterTests;
			productReference = 9719412D25B22A790030341D /* CurrencyConverterTests.xctest */;
			productType = "com.apple.product-type.bundle.unit-test";
		};
		9719413725B22A790030341D /* CurrencyConverterUITests */ = {
			isa = PBXNativeTarget;
			buildConfigurationList = 9719414725B22A790030341D /* Build configuration list for PBXNativeTarget "CurrencyConverterUITests" */;
			buildPhases = (
				9719413425B22A790030341D /* Sources */,
				9719413525B22A790030341D /* Frameworks */,
				9719413625B22A790030341D /* Resources */,
			);
			buildRules = (
			);
			dependencies = (
				9719413A25B22A790030341D /* PBXTargetDependency */,
			);
			name = CurrencyConverterUITests;
			productName = CurrencyConverterUITests;
			productReference = 9719413825B22A790030341D /* CurrencyConverterUITests.xctest */;
			productType = "com.apple.product-type.bundle.ui-testing";
		};
/* End PBXNativeTarget section */

/* Begin PBXProject section */
		9719410F25B22A770030341D /* Project object */ = {
			isa = PBXProject;
			attributes = {
				LastSwiftUpdateCheck = 1230;
				LastUpgradeCheck = 1230;
				TargetAttributes = {
					9719411625B22A770030341D = {
						CreatedOnToolsVersion = 12.3;
					};
					9719412C25B22A790030341D = {
						CreatedOnToolsVersion = 12.3;
						TestTargetID = 9719411625B22A770030341D;
					};
					9719413725B22A790030341D = {
						CreatedOnToolsVersion = 12.3;
						TestTargetID = 9719411625B22A770030341D;
					};
				};
			};
			buildConfigurationList = 9719411225B22A770030341D /* Build configuration list for PBXProject "CurrencyConverter" */;
			compatibilityVersion = "Xcode 9.3";
			developmentRegion = en;
			hasScannedForEncodings = 0;
			knownRegions = (
				en,
				Base,
			);
			mainGroup = 9719410E25B22A770030341D;
			productRefGroup = 9719411825B22A770030341D /* Products */;
			projectDirPath = "";
			projectRoot = "";
			targets = (
				9719411625B22A770030341D /* CurrencyConverter */,
				9719412C25B22A790030341D /* CurrencyConverterTests */,
				9719413725B22A790030341D /* CurrencyConverterUITests */,
			);
		};
/* End PBXProject section */

/* Begin PBXResourcesBuildPhase section */
		9719411525B22A770030341D /* Resources */ = {
			isa = PBXResourcesBuildPhase;
			buildActionMask = 2147483647;
			files = (
				9719412725B22A780030341D /* LaunchScreen.storyboard in Resources */,
				9719412425B22A780030341D /* Assets.xcassets in Resources */,
				9719412225B22A770030341D /* Main.storyboard in Resources */,
			);
			runOnlyForDeploymentPostprocessing = 0;
		};
		9719412B25B22A790030341D /* Resources */ = {
			isa = PBXResourcesBuildPhase;
			buildActionMask = 2147483647;
			files = (
			);
			runOnlyForDeploymentPostprocessing = 0;
		};
		9719413625B22A790030341D /* Resources */ = {
			isa = PBXResourcesBuildPhase;
			buildActionMask = 2147483647;
			files = (
			);
			runOnlyForDeploymentPostprocessing = 0;
		};
/* End PBXResourcesBuildPhase section */

/* Begin PBXSourcesBuildPhase section */
		9719411325B22A770030341D /* Sources */ = {
			isa = PBXSourcesBuildPhase;
			buildActionMask = 2147483647;
			files = (
				9753B5E225B321AC00F0CB8A /* Currency.swift in Sources */,
				9753B5DD25B3206400F0CB8A /* CurrencySelectionCoordinator.swift in Sources */,
				9753B5BE25B241D000F0CB8A /* AppCoordinator.swift in Sources */,
				9753B5F025B3290C00F0CB8A /* CurrencySelectionCell.swift in Sources */,
				9753B5F525B32FDB00F0CB8A /* CurrencySelectionCellModelMapper.swift in Sources */,
				9719411F25B22A770030341D /* ViewController.swift in Sources */,
				9753B5D025B3204800F0CB8A /* CurrencySelectionViewController.swift in Sources */,
				9753B5AD25B2399A00F0CB8A /* DashboardCoordinator.swift in Sources */,
				9753B5B525B239AC00F0CB8A /* DashboardViewController.swift in Sources */,
				9753B5E825B321FE00F0CB8A /* CurrencySelection.swift in Sources */,
				9719411B25B22A770030341D /* AppDelegate.swift in Sources */,
				9753B5D825B3205600F0CB8A /* CurrencySelectionViewModel.swift in Sources */,
				9719411D25B22A770030341D /* SceneDelegate.swift in Sources */,
				9753B5C325B2426B00F0CB8A /* Coordinator.swift in Sources */,
				9753B5C825B31A8500F0CB8A /* DashboardViewModel.swift in Sources */,
			);
			runOnlyForDeploymentPostprocessing = 0;
		};
		9719412925B22A790030341D /* Sources */ = {
			isa = PBXSourcesBuildPhase;
			buildActionMask = 2147483647;
			files = (
				9719413225B22A790030341D /* CurrencyConverterTests.swift in Sources */,
			);
			runOnlyForDeploymentPostprocessing = 0;
		};
		9719413425B22A790030341D /* Sources */ = {
			isa = PBXSourcesBuildPhase;
			buildActionMask = 2147483647;
			files = (
				9719413D25B22A790030341D /* CurrencyConverterUITests.swift in Sources */,
			);
			runOnlyForDeploymentPostprocessing = 0;
		};
/* End PBXSourcesBuildPhase section */

/* Begin PBXTargetDependency section */
		9719412F25B22A790030341D /* PBXTargetDependency */ = {
			isa = PBXTargetDependency;
			target = 9719411625B22A770030341D /* CurrencyConverter */;
			targetProxy = 9719412E25B22A790030341D /* PBXContainerItemProxy */;
		};
		9719413A25B22A790030341D /* PBXTargetDependency */ = {
			isa = PBXTargetDependency;
			target = 9719411625B22A770030341D /* CurrencyConverter */;
			targetProxy = 9719413925B22A790030341D /* PBXContainerItemProxy */;
		};
/* End PBXTargetDependency section */

/* Begin PBXVariantGroup section */
		9719412025B22A770030341D /* Main.storyboard */ = {
			isa = PBXVariantGroup;
			children = (
				9719412125B22A770030341D /* Base */,
			);
			name = Main.storyboard;
			sourceTree = "<group>";
		};
		9719412525B22A780030341D /* LaunchScreen.storyboard */ = {
			isa = PBXVariantGroup;
			children = (
				9719412625B22A780030341D /* Base */,
			);
			name = LaunchScreen.storyboard;
			sourceTree = "<group>";
		};
/* End PBXVariantGroup section */

/* Begin XCBuildConfiguration section */
		9719413F25B22A790030341D /* Debug */ = {
			isa = XCBuildConfiguration;
			buildSettings = {
				ALWAYS_SEARCH_USER_PATHS = NO;
				CLANG_ANALYZER_NONNULL = YES;
				CLANG_ANALYZER_NUMBER_OBJECT_CONVERSION = YES_AGGRESSIVE;
				CLANG_CXX_LANGUAGE_STANDARD = "gnu++14";
				CLANG_CXX_LIBRARY = "libc++";
				CLANG_ENABLE_MODULES = YES;
				CLANG_ENABLE_OBJC_ARC = YES;
				CLANG_ENABLE_OBJC_WEAK = YES;
				CLANG_WARN_BLOCK_CAPTURE_AUTORELEASING = YES;
				CLANG_WARN_BOOL_CONVERSION = YES;
				CLANG_WARN_COMMA = YES;
				CLANG_WARN_CONSTANT_CONVERSION = YES;
				CLANG_WARN_DEPRECATED_OBJC_IMPLEMENTATIONS = YES;
				CLANG_WARN_DIRECT_OBJC_ISA_USAGE = YES_ERROR;
				CLANG_WARN_DOCUMENTATION_COMMENTS = YES;
				CLANG_WARN_EMPTY_BODY = YES;
				CLANG_WARN_ENUM_CONVERSION = YES;
				CLANG_WARN_INFINITE_RECURSION = YES;
				CLANG_WARN_INT_CONVERSION = YES;
				CLANG_WARN_NON_LITERAL_NULL_CONVERSION = YES;
				CLANG_WARN_OBJC_IMPLICIT_RETAIN_SELF = YES;
				CLANG_WARN_OBJC_LITERAL_CONVERSION = YES;
				CLANG_WARN_OBJC_ROOT_CLASS = YES_ERROR;
				CLANG_WARN_QUOTED_INCLUDE_IN_FRAMEWORK_HEADER = YES;
				CLANG_WARN_RANGE_LOOP_ANALYSIS = YES;
				CLANG_WARN_STRICT_PROTOTYPES = YES;
				CLANG_WARN_SUSPICIOUS_MOVE = YES;
				CLANG_WARN_UNGUARDED_AVAILABILITY = YES_AGGRESSIVE;
				CLANG_WARN_UNREACHABLE_CODE = YES;
				CLANG_WARN__DUPLICATE_METHOD_MATCH = YES;
				COPY_PHASE_STRIP = NO;
				DEBUG_INFORMATION_FORMAT = dwarf;
				ENABLE_STRICT_OBJC_MSGSEND = YES;
				ENABLE_TESTABILITY = YES;
				GCC_C_LANGUAGE_STANDARD = gnu11;
				GCC_DYNAMIC_NO_PIC = NO;
				GCC_NO_COMMON_BLOCKS = YES;
				GCC_OPTIMIZATION_LEVEL = 0;
				GCC_PREPROCESSOR_DEFINITIONS = (
					"DEBUG=1",
					"$(inherited)",
				);
				GCC_WARN_64_TO_32_BIT_CONVERSION = YES;
				GCC_WARN_ABOUT_RETURN_TYPE = YES_ERROR;
				GCC_WARN_UNDECLARED_SELECTOR = YES;
				GCC_WARN_UNINITIALIZED_AUTOS = YES_AGGRESSIVE;
				GCC_WARN_UNUSED_FUNCTION = YES;
				GCC_WARN_UNUSED_VARIABLE = YES;
				IPHONEOS_DEPLOYMENT_TARGET = 14.3;
				MTL_ENABLE_DEBUG_INFO = INCLUDE_SOURCE;
				MTL_FAST_MATH = YES;
				ONLY_ACTIVE_ARCH = YES;
				SDKROOT = iphoneos;
				SWIFT_ACTIVE_COMPILATION_CONDITIONS = DEBUG;
				SWIFT_OPTIMIZATION_LEVEL = "-Onone";
			};
			name = Debug;
		};
		9719414025B22A790030341D /* Release */ = {
			isa = XCBuildConfiguration;
			buildSettings = {
				ALWAYS_SEARCH_USER_PATHS = NO;
				CLANG_ANALYZER_NONNULL = YES;
				CLANG_ANALYZER_NUMBER_OBJECT_CONVERSION = YES_AGGRESSIVE;
				CLANG_CXX_LANGUAGE_STANDARD = "gnu++14";
				CLANG_CXX_LIBRARY = "libc++";
				CLANG_ENABLE_MODULES = YES;
				CLANG_ENABLE_OBJC_ARC = YES;
				CLANG_ENABLE_OBJC_WEAK = YES;
				CLANG_WARN_BLOCK_CAPTURE_AUTORELEASING = YES;
				CLANG_WARN_BOOL_CONVERSION = YES;
				CLANG_WARN_COMMA = YES;
				CLANG_WARN_CONSTANT_CONVERSION = YES;
				CLANG_WARN_DEPRECATED_OBJC_IMPLEMENTATIONS = YES;
				CLANG_WARN_DIRECT_OBJC_ISA_USAGE = YES_ERROR;
				CLANG_WARN_DOCUMENTATION_COMMENTS = YES;
				CLANG_WARN_EMPTY_BODY = YES;
				CLANG_WARN_ENUM_CONVERSION = YES;
				CLANG_WARN_INFINITE_RECURSION = YES;
				CLANG_WARN_INT_CONVERSION = YES;
				CLANG_WARN_NON_LITERAL_NULL_CONVERSION = YES;
				CLANG_WARN_OBJC_IMPLICIT_RETAIN_SELF = YES;
				CLANG_WARN_OBJC_LITERAL_CONVERSION = YES;
				CLANG_WARN_OBJC_ROOT_CLASS = YES_ERROR;
				CLANG_WARN_QUOTED_INCLUDE_IN_FRAMEWORK_HEADER = YES;
				CLANG_WARN_RANGE_LOOP_ANALYSIS = YES;
				CLANG_WARN_STRICT_PROTOTYPES = YES;
				CLANG_WARN_SUSPICIOUS_MOVE = YES;
				CLANG_WARN_UNGUARDED_AVAILABILITY = YES_AGGRESSIVE;
				CLANG_WARN_UNREACHABLE_CODE = YES;
				CLANG_WARN__DUPLICATE_METHOD_MATCH = YES;
				COPY_PHASE_STRIP = NO;
				DEBUG_INFORMATION_FORMAT = "dwarf-with-dsym";
				ENABLE_NS_ASSERTIONS = NO;
				ENABLE_STRICT_OBJC_MSGSEND = YES;
				GCC_C_LANGUAGE_STANDARD = gnu11;
				GCC_NO_COMMON_BLOCKS = YES;
				GCC_WARN_64_TO_32_BIT_CONVERSION = YES;
				GCC_WARN_ABOUT_RETURN_TYPE = YES_ERROR;
				GCC_WARN_UNDECLARED_SELECTOR = YES;
				GCC_WARN_UNINITIALIZED_AUTOS = YES_AGGRESSIVE;
				GCC_WARN_UNUSED_FUNCTION = YES;
				GCC_WARN_UNUSED_VARIABLE = YES;
				IPHONEOS_DEPLOYMENT_TARGET = 14.3;
				MTL_ENABLE_DEBUG_INFO = NO;
				MTL_FAST_MATH = YES;
				SDKROOT = iphoneos;
				SWIFT_COMPILATION_MODE = wholemodule;
				SWIFT_OPTIMIZATION_LEVEL = "-O";
				VALIDATE_PRODUCT = YES;
			};
			name = Release;
		};
		9719414225B22A790030341D /* Debug */ = {
			isa = XCBuildConfiguration;
			buildSettings = {
				ASSETCATALOG_COMPILER_APPICON_NAME = AppIcon;
				ASSETCATALOG_COMPILER_GLOBAL_ACCENT_COLOR_NAME = AccentColor;
				CODE_SIGN_STYLE = Automatic;
				INFOPLIST_FILE = CurrencyConverter/Info.plist;
				LD_RUNPATH_SEARCH_PATHS = (
					"$(inherited)",
					"@executable_path/Frameworks",
				);
				PRODUCT_BUNDLE_IDENTIFIER = kashel.CurrencyConverter;
				PRODUCT_NAME = "$(TARGET_NAME)";
				SWIFT_VERSION = 5.0;
				TARGETED_DEVICE_FAMILY = "1,2";
			};
			name = Debug;
		};
		9719414325B22A790030341D /* Release */ = {
			isa = XCBuildConfiguration;
			buildSettings = {
				ASSETCATALOG_COMPILER_APPICON_NAME = AppIcon;
				ASSETCATALOG_COMPILER_GLOBAL_ACCENT_COLOR_NAME = AccentColor;
				CODE_SIGN_STYLE = Automatic;
				INFOPLIST_FILE = CurrencyConverter/Info.plist;
				LD_RUNPATH_SEARCH_PATHS = (
					"$(inherited)",
					"@executable_path/Frameworks",
				);
				PRODUCT_BUNDLE_IDENTIFIER = kashel.CurrencyConverter;
				PRODUCT_NAME = "$(TARGET_NAME)";
				SWIFT_VERSION = 5.0;
				TARGETED_DEVICE_FAMILY = "1,2";
			};
			name = Release;
		};
		9719414525B22A790030341D /* Debug */ = {
			isa = XCBuildConfiguration;
			buildSettings = {
				ALWAYS_EMBED_SWIFT_STANDARD_LIBRARIES = YES;
				BUNDLE_LOADER = "$(TEST_HOST)";
				CODE_SIGN_STYLE = Automatic;
				INFOPLIST_FILE = CurrencyConverterTests/Info.plist;
				IPHONEOS_DEPLOYMENT_TARGET = 14.3;
				LD_RUNPATH_SEARCH_PATHS = (
					"$(inherited)",
					"@executable_path/Frameworks",
					"@loader_path/Frameworks",
				);
				PRODUCT_BUNDLE_IDENTIFIER = kashel.CurrencyConverterTests;
				PRODUCT_NAME = "$(TARGET_NAME)";
				SWIFT_VERSION = 5.0;
				TARGETED_DEVICE_FAMILY = "1,2";
				TEST_HOST = "$(BUILT_PRODUCTS_DIR)/CurrencyConverter.app/CurrencyConverter";
			};
			name = Debug;
		};
		9719414625B22A790030341D /* Release */ = {
			isa = XCBuildConfiguration;
			buildSettings = {
				ALWAYS_EMBED_SWIFT_STANDARD_LIBRARIES = YES;
				BUNDLE_LOADER = "$(TEST_HOST)";
				CODE_SIGN_STYLE = Automatic;
				INFOPLIST_FILE = CurrencyConverterTests/Info.plist;
				IPHONEOS_DEPLOYMENT_TARGET = 14.3;
				LD_RUNPATH_SEARCH_PATHS = (
					"$(inherited)",
					"@executable_path/Frameworks",
					"@loader_path/Frameworks",
				);
				PRODUCT_BUNDLE_IDENTIFIER = kashel.CurrencyConverterTests;
				PRODUCT_NAME = "$(TARGET_NAME)";
				SWIFT_VERSION = 5.0;
				TARGETED_DEVICE_FAMILY = "1,2";
				TEST_HOST = "$(BUILT_PRODUCTS_DIR)/CurrencyConverter.app/CurrencyConverter";
			};
			name = Release;
		};
		9719414825B22A790030341D /* Debug */ = {
			isa = XCBuildConfiguration;
			buildSettings = {
				ALWAYS_EMBED_SWIFT_STANDARD_LIBRARIES = YES;
				CODE_SIGN_STYLE = Automatic;
				INFOPLIST_FILE = CurrencyConverterUITests/Info.plist;
				LD_RUNPATH_SEARCH_PATHS = (
					"$(inherited)",
					"@executable_path/Frameworks",
					"@loader_path/Frameworks",
				);
				PRODUCT_BUNDLE_IDENTIFIER = kashel.CurrencyConverterUITests;
				PRODUCT_NAME = "$(TARGET_NAME)";
				SWIFT_VERSION = 5.0;
				TARGETED_DEVICE_FAMILY = "1,2";
				TEST_TARGET_NAME = CurrencyConverter;
			};
			name = Debug;
		};
		9719414925B22A790030341D /* Release */ = {
			isa = XCBuildConfiguration;
			buildSettings = {
				ALWAYS_EMBED_SWIFT_STANDARD_LIBRARIES = YES;
				CODE_SIGN_STYLE = Automatic;
				INFOPLIST_FILE = CurrencyConverterUITests/Info.plist;
				LD_RUNPATH_SEARCH_PATHS = (
					"$(inherited)",
					"@executable_path/Frameworks",
					"@loader_path/Frameworks",
				);
				PRODUCT_BUNDLE_IDENTIFIER = kashel.CurrencyConverterUITests;
				PRODUCT_NAME = "$(TARGET_NAME)";
				SWIFT_VERSION = 5.0;
				TARGETED_DEVICE_FAMILY = "1,2";
				TEST_TARGET_NAME = CurrencyConverter;
			};
			name = Release;
		};
/* End XCBuildConfiguration section */

/* Begin XCConfigurationList section */
		9719411225B22A770030341D /* Build configuration list for PBXProject "CurrencyConverter" */ = {
			isa = XCConfigurationList;
			buildConfigurations = (
				9719413F25B22A790030341D /* Debug */,
				9719414025B22A790030341D /* Release */,
			);
			defaultConfigurationIsVisible = 0;
			defaultConfigurationName = Release;
		};
		9719414125B22A790030341D /* Build configuration list for PBXNativeTarget "CurrencyConverter" */ = {
			isa = XCConfigurationList;
			buildConfigurations = (
				9719414225B22A790030341D /* Debug */,
				9719414325B22A790030341D /* Release */,
			);
			defaultConfigurationIsVisible = 0;
			defaultConfigurationName = Release;
		};
		9719414425B22A790030341D /* Build configuration list for PBXNativeTarget "CurrencyConverterTests" */ = {
			isa = XCConfigurationList;
			buildConfigurations = (
				9719414525B22A790030341D /* Debug */,
				9719414625B22A790030341D /* Release */,
			);
			defaultConfigurationIsVisible = 0;
			defaultConfigurationName = Release;
		};
		9719414725B22A790030341D /* Build configuration list for PBXNativeTarget "CurrencyConverterUITests" */ = {
			isa = XCConfigurationList;
			buildConfigurations = (
				9719414825B22A790030341D /* Debug */,
				9719414925B22A790030341D /* Release */,
			);
			defaultConfigurationIsVisible = 0;
			defaultConfigurationName = Release;
		};
/* End XCConfigurationList section */
	};
	rootObject = 9719410F25B22A770030341D /* Project object */;
}
